{
  "version": 4,
  "terraform_version": "0.12.17",
  "serial": 119,
  "lineage": "9bb5f958-c935-3e51-c819-2867d75b88cf",
  "outputs": {},
  "resources": [
    {
      "module": "module.web-s3",
      "mode": "data",
      "type": "aws_caller_identity",
      "name": "current",
      "provider": "provider.aws",
      "instances": [
        {
          "schema_version": 0,
          "attributes": {
            "account_id": "534539339440",
            "arn": "arn:aws:iam::534539339440:user/cohns-admin",
            "id": "2020-01-02 00:37:59.388661123 +0000 UTC",
            "user_id": "AIDAXY5IHA2YA4IQJNRLN"
          }
        }
      ]
    },
    {
      "module": "module.gatling-instance",
      "mode": "data",
      "type": "aws_subnet_ids",
      "name": "public",
      "each": "list",
      "provider": "provider.aws",
      "instances": [
        {
          "index_key": 0,
          "schema_version": 0,
          "attributes": {
            "filter": null,
            "id": "vpc-0fbaa37a3bf312372",
            "ids": [
              "subnet-0a1297c0b15096d46",
              "subnet-0ab792da5a8acc478"
            ],
            "tags": {
              "SubnetType": "Public"
            },
            "vpc_id": "vpc-0fbaa37a3bf312372"
          }
        }
      ]
    },
    {
      "module": "module.gatling-instance",
      "mode": "data",
      "type": "template_file",
      "name": "user_data",
      "provider": "provider.template",
      "instances": [
        {
          "schema_version": 0,
          "attributes": {
            "filename": null,
            "id": "03322f2e8ad94e50cad63ade50b4cafa11a7359c36bf958870cab0697e377558",
            "rendered": "#! /bin/bash\nsudo yum install -y python-pip\nsudo yum install -y gcc\nsudo yum install -y nginx\nsudo yum install -y git\nsudo yum install -y java-1.8.0-openjdk\nsudo yum install -y amazon-efs-utils\nsudo mkdir /opt/gatling\nsudo mount -t efs \"fs-0d3df2a7:/\" /opt/gatling\nsudo git clone https://github.com/alex-leonhardt/gatling-web.git /opt/gatling/gatling-web\npip install flask\npip install wtforms\npip install psutil\npip install uwsgi\nsudo curl https://repo1.maven.org/maven2/io/gatling/highcharts/gatling-charts-highcharts-bundle/3.3.1/gatling-charts-highcharts-bundle-3.3.1-bundle.zip --output /opt/gatling/gatling.zip\ncd /opt \u0026\u0026 sudo unzip gatling.zip\nsudo mv /opt/gatling/gatling-charts-highcharts-bundle-3.3.1/* /opt/gatling\ncd /opt/gatling/gatling-web \u0026\u0026 sudo flask run --host 0.0.0.0 --port 80\n",
            "template": "#! /bin/bash\nsudo yum install -y python-pip\nsudo yum install -y gcc\nsudo yum install -y nginx\nsudo yum install -y git\nsudo yum install -y java-1.8.0-openjdk\nsudo yum install -y amazon-efs-utils\nsudo mkdir /opt/gatling\nsudo mount -t efs \"${efs_filesystem}:/\" /opt/gatling\nsudo git clone https://github.com/alex-leonhardt/gatling-web.git /opt/gatling/gatling-web\npip install flask\npip install wtforms\npip install psutil\npip install uwsgi\nsudo curl https://repo1.maven.org/maven2/io/gatling/highcharts/gatling-charts-highcharts-bundle/3.3.1/gatling-charts-highcharts-bundle-3.3.1-bundle.zip --output /opt/gatling/gatling.zip\ncd /opt \u0026\u0026 sudo unzip gatling.zip\nsudo mv /opt/gatling/gatling-charts-highcharts-bundle-3.3.1/* /opt/gatling\ncd /opt/gatling/gatling-web \u0026\u0026 sudo flask run --host 0.0.0.0 --port 80\n",
            "vars": {
              "efs_filesystem": "fs-0d3df2a7"
            }
          }
        }
      ]
    },
    {
      "module": "module.gatling-instance",
      "mode": "managed",
      "type": "aws_autoscaling_attachment",
      "name": "svc_asg_external",
      "each": "list",
      "provider": "provider.aws",
      "instances": [
        {
          "index_key": 0,
          "schema_version": 0,
          "attributes": {
            "alb_target_group_arn": "arn:aws:elasticloadbalancing:us-west-2:534539339440:targetgroup/cohns-ops-gatling-us-west-2-tg/7cb79910ffe99781",
            "autoscaling_group_name": "cohns-ops-gatling-us-west-2-asg",
            "elb": null,
            "id": "cohns-ops-gatling-us-west-2-asg-20191218012336140400000001"
          },
          "private": "bnVsbA==",
          "dependencies": [
            "module.app-vpc.aws_vpc.app-vpc",
            "module.gatling-instance.aws_autoscaling_group.asg",
            "module.gatling-instance.aws_launch_template.lt",
            "module.gatling-instance.aws_lb_target_group.alb_target_group"
          ]
        }
      ]
    },
    {
      "module": "module.gatling-instance",
      "mode": "managed",
      "type": "aws_autoscaling_group",
      "name": "asg",
      "each": "list",
      "provider": "provider.aws",
      "instances": [
        {
          "index_key": 0,
          "schema_version": 0,
          "attributes": {
            "arn": "arn:aws:autoscaling:us-west-2:534539339440:autoScalingGroup:28791247-e1fc-4696-b90e-cf05e7b74242:autoScalingGroupName/cohns-ops-gatling-us-west-2-asg",
            "availability_zones": [
              "us-west-2a",
              "us-west-2b"
            ],
            "default_cooldown": 300,
            "desired_capacity": 1,
            "enabled_metrics": [],
            "force_delete": false,
            "health_check_grace_period": 300,
            "health_check_type": "ELB",
            "id": "cohns-ops-gatling-us-west-2-asg",
            "initial_lifecycle_hook": [],
            "launch_configuration": "",
            "launch_template": [
              {
                "id": "lt-0ef8e01b21c25c655",
                "name": "cohns-ops-gatling-us-west-2-spot-lt",
                "version": "$Latest"
              }
            ],
            "load_balancers": [],
            "max_instance_lifetime": 0,
            "max_size": 1,
            "metrics_granularity": "1Minute",
            "min_elb_capacity": null,
            "min_size": 1,
            "mixed_instances_policy": [],
            "name": "cohns-ops-gatling-us-west-2-asg",
            "name_prefix": null,
            "placement_group": "",
            "protect_from_scale_in": false,
            "service_linked_role_arn": "arn:aws:iam::534539339440:role/aws-service-role/autoscaling.amazonaws.com/AWSServiceRoleForAutoScaling",
            "suspended_processes": [],
            "tag": [],
            "tags": null,
            "target_group_arns": [
              "arn:aws:elasticloadbalancing:us-west-2:534539339440:targetgroup/cohns-ops-gatling-us-west-2-tg/7cb79910ffe99781"
            ],
            "termination_policies": [],
            "timeouts": null,
            "vpc_zone_identifier": [
              "subnet-0a1297c0b15096d46",
              "subnet-0ab792da5a8acc478"
            ],
            "wait_for_capacity_timeout": "10m",
            "wait_for_elb_capacity": null
          },
          "private": "eyJlMmJmYjczMC1lY2FhLTExZTYtOGY4OC0zNDM2M2JjN2M0YzAiOnsiZGVsZXRlIjo2MDAwMDAwMDAwMDB9fQ==",
          "dependencies": [
            "module.app-vpc.aws_security_group.allow_http",
            "module.app-vpc.aws_security_group.allow_https",
            "module.app-vpc.aws_security_group.allow_outbound",
            "module.app-vpc.aws_security_group.allow_ssh",
            "module.app-vpc.aws_vpc.app-vpc",
            "module.gatling-instance.aws_launch_template.spot-lt"
          ]
        }
      ]
    },
    {
      "module": "module.web-s3",
      "mode": "managed",
      "type": "aws_cloudtrail",
      "name": "web",
      "provider": "provider.aws",
      "instances": [
        {
          "schema_version": 0,
          "attributes": {
            "arn": "arn:aws:cloudtrail:us-west-2:534539339440:trail/cohns-gatling-ct",
            "cloud_watch_logs_group_arn": "",
            "cloud_watch_logs_role_arn": "",
            "enable_log_file_validation": false,
            "enable_logging": true,
            "event_selector": [],
            "home_region": "us-west-2",
            "id": "cohns-gatling-ct",
            "include_global_service_events": false,
            "is_multi_region_trail": false,
            "is_organization_trail": false,
            "kms_key_id": "",
            "name": "cohns-gatling-ct",
            "s3_bucket_name": "534539339440-cloudtrail",
            "s3_key_prefix": "",
            "sns_topic_name": "",
            "tags": null
          },
          "private": "bnVsbA==",
          "dependencies": [
            "module.web-s3.aws_s3_bucket_policy.b"
          ]
        }
      ]
    },
    {
      "module": "module.app-vpc",
      "mode": "managed",
      "type": "aws_ec2_client_vpn_endpoint",
      "name": "dad_client_vpn",
      "provider": "provider.aws",
      "instances": [
        {
          "schema_version": 0,
          "attributes": {
            "authentication_options": [
              {
                "active_directory_id": "",
                "root_certificate_chain_arn": "arn:aws:acm:us-west-2:534539339440:certificate/3423c19c-5e0e-4c07-8ece-51c2fda39d25",
                "type": "certificate-authentication"
              }
            ],
            "client_cidr_block": "192.168.0.0/20",
            "connection_log_options": [
              {
                "cloudwatch_log_group": "",
                "cloudwatch_log_stream": "",
                "enabled": false
              }
            ],
            "description": "dad-client-vpn",
            "dns_name": "*.cvpn-endpoint-092819f5954859457.prod.clientvpn.us-west-2.amazonaws.com",
            "dns_servers": null,
            "id": "cvpn-endpoint-092819f5954859457",
            "server_certificate_arn": "arn:aws:acm:us-west-2:534539339440:certificate/3423c19c-5e0e-4c07-8ece-51c2fda39d25",
            "split_tunnel": false,
            "status": null,
            "tags": {},
            "transport_protocol": "udp"
          },
          "private": "bnVsbA=="
        }
      ]
    },
    {
      "module": "module.gatling",
      "mode": "managed",
      "type": "aws_efs_file_system",
      "name": "gatling",
      "provider": "provider.aws",
      "instances": [
        {
          "schema_version": 0,
          "attributes": {
            "arn": "arn:aws:elasticfilesystem:us-west-2::file-system/fs-0d3df2a7",
            "creation_token": "gatling-efs",
            "dns_name": "fs-0d3df2a7.efs.us-west-2.amazonaws.com",
            "encrypted": false,
            "id": "fs-0d3df2a7",
            "kms_key_id": "",
            "lifecycle_policy": [
              {
                "transition_to_ia": "AFTER_30_DAYS"
              }
            ],
            "performance_mode": "generalPurpose",
            "provisioned_throughput_in_mibps": 0,
            "reference_name": null,
            "tags": {},
            "throughput_mode": "bursting"
          },
          "private": "bnVsbA=="
        }
      ]
    },
    {
      "module": "module.gatling",
      "mode": "managed",
      "type": "aws_efs_mount_target",
      "name": "gatling",
      "each": "list",
      "provider": "provider.aws",
      "instances": [
        {
          "index_key": 0,
          "schema_version": 0,
          "attributes": {
            "dns_name": "fs-0d3df2a7.efs.us-west-2.amazonaws.com",
            "file_system_arn": "arn:aws:elasticfilesystem:us-west-2::file-system/fs-0d3df2a7",
            "file_system_id": "fs-0d3df2a7",
            "id": "fsmt-7ef582d6",
            "ip_address": "10.0.36.87",
            "network_interface_id": "eni-042dc933808b69d52",
            "security_groups": [
              "sg-046b7cab2b7bcf4b5",
              "sg-0beb6a9e6003ff8e2"
            ],
            "subnet_id": "subnet-0a1297c0b15096d46"
          },
          "private": "bnVsbA==",
          "dependencies": [
            "module.app-vpc.aws_security_group.allow_nfs",
            "module.app-vpc.aws_security_group.allow_outbound",
            "module.app-vpc.aws_subnet.public_subnet",
            "module.app-vpc.aws_vpc.app-vpc",
            "module.gatling.aws_efs_file_system.gatling"
          ]
        },
        {
          "index_key": 1,
          "schema_version": 0,
          "attributes": {
            "dns_name": "fs-0d3df2a7.efs.us-west-2.amazonaws.com",
            "file_system_arn": "arn:aws:elasticfilesystem:us-west-2::file-system/fs-0d3df2a7",
            "file_system_id": "fs-0d3df2a7",
            "id": "fsmt-7ff582d7",
            "ip_address": "10.0.48.96",
            "network_interface_id": "eni-0845d4fc88ac139b2",
            "security_groups": [
              "sg-046b7cab2b7bcf4b5",
              "sg-0beb6a9e6003ff8e2"
            ],
            "subnet_id": "subnet-0ab792da5a8acc478"
          },
          "private": "bnVsbA==",
          "dependencies": [
            "module.app-vpc.aws_security_group.allow_nfs",
            "module.app-vpc.aws_security_group.allow_outbound",
            "module.app-vpc.aws_subnet.public_subnet",
            "module.app-vpc.aws_vpc.app-vpc",
            "module.gatling.aws_efs_file_system.gatling"
          ]
        }
      ]
    },
    {
      "module": "module.app-vpc",
      "mode": "managed",
      "type": "aws_internet_gateway",
      "name": "default",
      "each": "list",
      "provider": "provider.aws",
      "instances": [
        {
          "index_key": 0,
          "schema_version": 0,
          "attributes": {
            "id": "igw-082b3e67349aa1a69",
            "owner_id": "534539339440",
            "tags": {
              "Application": "gatling",
              "Environment": "ops",
              "Name": "cohns-ops-gatling-us-west-2-vpc-igw"
            },
            "vpc_id": "vpc-0fbaa37a3bf312372"
          },
          "private": "bnVsbA==",
          "dependencies": [
            "module.app-vpc.aws_vpc.app-vpc"
          ]
        }
      ]
    },
    {
      "module": "module.gatling-instance",
      "mode": "managed",
      "type": "aws_launch_template",
      "name": "spot-lt",
      "each": "list",
      "provider": "provider.aws",
      "instances": [
        {
          "index_key": 0,
          "schema_version": 0,
          "attributes": {
            "arn": "arn:aws:ec2:us-west-2::launch-template/lt-0ef8e01b21c25c655",
            "block_device_mappings": [],
            "capacity_reservation_specification": [],
            "credit_specification": [],
            "default_version": 1,
            "description": "",
            "disable_api_termination": false,
            "ebs_optimized": "",
            "elastic_gpu_specifications": [],
            "elastic_inference_accelerator": [],
            "iam_instance_profile": [],
            "id": "lt-0ef8e01b21c25c655",
            "image_id": "ami-0a85857bfc5345c38",
            "instance_initiated_shutdown_behavior": "",
            "instance_market_options": [
              {
                "market_type": "spot",
                "spot_options": [
                  {
                    "block_duration_minutes": 0,
                    "instance_interruption_behavior": "",
                    "max_price": "0.007",
                    "spot_instance_type": "one-time",
                    "valid_until": ""
                  }
                ]
              }
            ],
            "instance_type": "t2.small",
            "kernel_id": "",
            "key_name": "cohns-ops-gatling-key",
            "latest_version": 1,
            "license_specification": [],
            "monitoring": [],
            "name": "cohns-ops-gatling-us-west-2-spot-lt",
            "name_prefix": null,
            "network_interfaces": [],
            "placement": [],
            "ram_disk_id": "",
            "security_group_names": [],
            "tag_specifications": [
              {
                "resource_type": "instance",
                "tags": {
                  "Application": "gatling",
                  "Company": "cohns",
                  "Environment": "ops",
                  "Name": "cohns-ops-us-west-2-gatling-instance"
                }
              }
            ],
            "tags": {},
            "user_data": "IyEgL2Jpbi9iYXNoCnN1ZG8geXVtIGluc3RhbGwgLXkgcHl0aG9uLXBpcApzdWRvIHl1bSBpbnN0YWxsIC15IGdjYwpzdWRvIHl1bSBpbnN0YWxsIC15IG5naW54CnN1ZG8geXVtIGluc3RhbGwgLXkgZ2l0CnN1ZG8geXVtIGluc3RhbGwgLXkgamF2YS0xLjguMC1vcGVuamRrCnN1ZG8geXVtIGluc3RhbGwgLXkgYW1hem9uLWVmcy11dGlscwpzdWRvIG1rZGlyIC9vcHQvZ2F0bGluZwpzdWRvIG1vdW50IC10IGVmcyAiZnMtMGQzZGYyYTc6LyIgL29wdC9nYXRsaW5nCnN1ZG8gZ2l0IGNsb25lIGh0dHBzOi8vZ2l0aHViLmNvbS9hbGV4LWxlb25oYXJkdC9nYXRsaW5nLXdlYi5naXQgL29wdC9nYXRsaW5nL2dhdGxpbmctd2ViCnBpcCBpbnN0YWxsIGZsYXNrCnBpcCBpbnN0YWxsIHd0Zm9ybXMKcGlwIGluc3RhbGwgcHN1dGlsCnBpcCBpbnN0YWxsIHV3c2dpCnN1ZG8gY3VybCBodHRwczovL3JlcG8xLm1hdmVuLm9yZy9tYXZlbjIvaW8vZ2F0bGluZy9oaWdoY2hhcnRzL2dhdGxpbmctY2hhcnRzLWhpZ2hjaGFydHMtYnVuZGxlLzMuMy4xL2dhdGxpbmctY2hhcnRzLWhpZ2hjaGFydHMtYnVuZGxlLTMuMy4xLWJ1bmRsZS56aXAgLS1vdXRwdXQgL29wdC9nYXRsaW5nL2dhdGxpbmcuemlwCmNkIC9vcHQgJiYgc3VkbyB1bnppcCBnYXRsaW5nLnppcApzdWRvIG12IC9vcHQvZ2F0bGluZy9nYXRsaW5nLWNoYXJ0cy1oaWdoY2hhcnRzLWJ1bmRsZS0zLjMuMS8qIC9vcHQvZ2F0bGluZwpjZCAvb3B0L2dhdGxpbmcvZ2F0bGluZy13ZWIgJiYgc3VkbyBmbGFzayBydW4gLS1ob3N0IDAuMC4wLjAgLS1wb3J0IDgwCg==",
            "vpc_security_group_ids": [
              "sg-01587d38c5924998a",
              "sg-0b66ce91388f8a9dd",
              "sg-0beb6a9e6003ff8e2",
              "sg-0e26c18492fed8366"
            ]
          },
          "private": "bnVsbA==",
          "dependencies": [
            "module.app-vpc.aws_security_group.allow_http",
            "module.app-vpc.aws_security_group.allow_https",
            "module.app-vpc.aws_security_group.allow_outbound",
            "module.app-vpc.aws_security_group.allow_ssh"
          ]
        }
      ]
    },
    {
      "module": "module.gatling-instance",
      "mode": "managed",
      "type": "aws_lb",
      "name": "alb",
      "each": "list",
      "provider": "provider.aws",
      "instances": [
        {
          "index_key": 0,
          "schema_version": 0,
          "attributes": {
            "access_logs": [
              {
                "bucket": "",
                "enabled": false,
                "prefix": ""
              }
            ],
            "arn": "arn:aws:elasticloadbalancing:us-west-2:534539339440:loadbalancer/app/cohns-ops-gatling-us-west-2-alb/3d1a47b2f348a0eb",
            "arn_suffix": "app/cohns-ops-gatling-us-west-2-alb/3d1a47b2f348a0eb",
            "dns_name": "cohns-ops-gatling-us-west-2-alb-284476247.us-west-2.elb.amazonaws.com",
            "enable_cross_zone_load_balancing": null,
            "enable_deletion_protection": false,
            "enable_http2": true,
            "id": "arn:aws:elasticloadbalancing:us-west-2:534539339440:loadbalancer/app/cohns-ops-gatling-us-west-2-alb/3d1a47b2f348a0eb",
            "idle_timeout": 60,
            "internal": false,
            "ip_address_type": "ipv4",
            "load_balancer_type": "application",
            "name": "cohns-ops-gatling-us-west-2-alb",
            "name_prefix": null,
            "security_groups": [
              "sg-01587d38c5924998a",
              "sg-0b66ce91388f8a9dd",
              "sg-0beb6a9e6003ff8e2",
              "sg-0e26c18492fed8366"
            ],
            "subnet_mapping": [
              {
                "allocation_id": "",
                "subnet_id": "subnet-0a1297c0b15096d46"
              },
              {
                "allocation_id": "",
                "subnet_id": "subnet-0ab792da5a8acc478"
              }
            ],
            "subnets": [
              "subnet-0a1297c0b15096d46",
              "subnet-0ab792da5a8acc478"
            ],
            "tags": {
              "Application": "gatling",
              "Company": "cohns",
              "Environment": "ops",
              "Name": "cohns-ops-us-west-2-gatling-asg"
            },
            "timeouts": null,
            "vpc_id": "vpc-0fbaa37a3bf312372",
            "zone_id": "Z1H1FL5HABSF5"
          },
          "private": "eyJlMmJmYjczMC1lY2FhLTExZTYtOGY4OC0zNDM2M2JjN2M0YzAiOnsiY3JlYXRlIjo2MDAwMDAwMDAwMDAsImRlbGV0ZSI6NjAwMDAwMDAwMDAwLCJ1cGRhdGUiOjYwMDAwMDAwMDAwMH19",
          "dependencies": [
            "module.app-vpc.aws_security_group.allow_http",
            "module.app-vpc.aws_security_group.allow_https",
            "module.app-vpc.aws_security_group.allow_outbound",
            "module.app-vpc.aws_security_group.allow_ssh",
            "module.app-vpc.aws_vpc.app-vpc"
          ]
        }
      ]
    },
    {
      "module": "module.gatling-instance",
      "mode": "managed",
      "type": "aws_lb_listener",
      "name": "http",
      "each": "list",
      "provider": "provider.aws",
      "instances": [
        {
          "index_key": 0,
          "schema_version": 0,
          "attributes": {
            "arn": "arn:aws:elasticloadbalancing:us-west-2:534539339440:listener/app/cohns-ops-gatling-us-west-2-alb/3d1a47b2f348a0eb/44981bb7d20d4491",
            "certificate_arn": null,
            "default_action": [
              {
                "authenticate_cognito": [],
                "authenticate_oidc": [],
                "fixed_response": [],
                "order": 1,
                "redirect": [],
                "target_group_arn": "arn:aws:elasticloadbalancing:us-west-2:534539339440:targetgroup/cohns-ops-gatling-us-west-2-tg/7cb79910ffe99781",
                "type": "forward"
              }
            ],
            "id": "arn:aws:elasticloadbalancing:us-west-2:534539339440:listener/app/cohns-ops-gatling-us-west-2-alb/3d1a47b2f348a0eb/44981bb7d20d4491",
            "load_balancer_arn": "arn:aws:elasticloadbalancing:us-west-2:534539339440:loadbalancer/app/cohns-ops-gatling-us-west-2-alb/3d1a47b2f348a0eb",
            "port": 80,
            "protocol": "HTTP",
            "ssl_policy": "",
            "timeouts": null
          },
          "private": "eyJlMmJmYjczMC1lY2FhLTExZTYtOGY4OC0zNDM2M2JjN2M0YzAiOnsicmVhZCI6NjAwMDAwMDAwMDAwfX0=",
          "dependencies": [
            "module.app-vpc.aws_security_group.allow_http",
            "module.app-vpc.aws_security_group.allow_outbound",
            "module.app-vpc.aws_security_group.allow_ssh",
            "module.app-vpc.aws_vpc.app-vpc",
            "module.gatling-instance.aws_lb.alb",
            "module.gatling-instance.aws_lb_target_group.alb_target_group"
          ]
        }
      ]
    },
    {
      "module": "module.gatling-instance",
      "mode": "managed",
      "type": "aws_lb_listener",
      "name": "https",
      "each": "list",
      "provider": "provider.aws",
      "instances": [
        {
          "index_key": 0,
          "schema_version": 0,
          "attributes": {
            "arn": "arn:aws:elasticloadbalancing:us-west-2:534539339440:listener/app/cohns-ops-gatling-us-west-2-alb/3d1a47b2f348a0eb/872cdc56252030b9",
            "certificate_arn": "arn:aws:acm:us-west-2:534539339440:certificate/3423c19c-5e0e-4c07-8ece-51c2fda39d25",
            "default_action": [
              {
                "authenticate_cognito": [],
                "authenticate_oidc": [],
                "fixed_response": [],
                "order": 1,
                "redirect": [],
                "target_group_arn": "arn:aws:elasticloadbalancing:us-west-2:534539339440:targetgroup/cohns-ops-gatling-us-west-2-tg/7cb79910ffe99781",
                "type": "forward"
              }
            ],
            "id": "arn:aws:elasticloadbalancing:us-west-2:534539339440:listener/app/cohns-ops-gatling-us-west-2-alb/3d1a47b2f348a0eb/872cdc56252030b9",
            "load_balancer_arn": "arn:aws:elasticloadbalancing:us-west-2:534539339440:loadbalancer/app/cohns-ops-gatling-us-west-2-alb/3d1a47b2f348a0eb",
            "port": 443,
            "protocol": "HTTPS",
            "ssl_policy": "ELBSecurityPolicy-2016-08",
            "timeouts": null
          },
          "private": "eyJlMmJmYjczMC1lY2FhLTExZTYtOGY4OC0zNDM2M2JjN2M0YzAiOnsicmVhZCI6NjAwMDAwMDAwMDAwfX0=",
          "dependencies": [
            "module.app-vpc.aws_security_group.allow_http",
            "module.app-vpc.aws_security_group.allow_https",
            "module.app-vpc.aws_security_group.allow_outbound",
            "module.app-vpc.aws_security_group.allow_ssh",
            "module.app-vpc.aws_vpc.app-vpc",
            "module.gatling-instance.aws_lb.alb",
            "module.gatling-instance.aws_lb_target_group.alb_target_group"
          ]
        }
      ]
    },
    {
      "module": "module.gatling-instance",
      "mode": "managed",
      "type": "aws_lb_target_group",
      "name": "alb_target_group",
      "each": "list",
      "provider": "provider.aws",
      "instances": [
        {
          "index_key": 0,
          "schema_version": 0,
          "attributes": {
            "arn": "arn:aws:elasticloadbalancing:us-west-2:534539339440:targetgroup/cohns-ops-gatling-us-west-2-tg/7cb79910ffe99781",
            "arn_suffix": "targetgroup/cohns-ops-gatling-us-west-2-tg/7cb79910ffe99781",
            "deregistration_delay": 300,
            "health_check": [
              {
                "enabled": true,
                "healthy_threshold": 3,
                "interval": 10,
                "matcher": "200-299",
                "path": "/php/login.php",
                "port": "traffic-port",
                "protocol": "HTTP",
                "timeout": 2,
                "unhealthy_threshold": 3
              }
            ],
            "id": "arn:aws:elasticloadbalancing:us-west-2:534539339440:targetgroup/cohns-ops-gatling-us-west-2-tg/7cb79910ffe99781",
            "lambda_multi_value_headers_enabled": false,
            "name": "cohns-ops-gatling-us-west-2-tg",
            "name_prefix": null,
            "port": 80,
            "protocol": "HTTP",
            "proxy_protocol_v2": false,
            "slow_start": 0,
            "stickiness": [
              {
                "cookie_duration": 3600,
                "enabled": true,
                "type": "lb_cookie"
              }
            ],
            "tags": {},
            "target_type": "instance",
            "vpc_id": "vpc-0fbaa37a3bf312372"
          },
          "private": "bnVsbA==",
          "dependencies": [
            "module.app-vpc.aws_vpc.app-vpc"
          ]
        }
      ]
    },
    {
      "module": "module.gatling-instance",
      "mode": "managed",
      "type": "aws_route53_record",
      "name": "record",
      "each": "list",
      "provider": "provider.aws",
      "instances": [
        {
          "index_key": 0,
          "schema_version": 2,
          "attributes": {
            "alias": [],
            "allow_overwrite": null,
            "failover_routing_policy": [],
            "fqdn": "gatling.ops.cohns.net",
            "geolocation_routing_policy": [],
            "health_check_id": "",
            "id": "Z9P1JIDNNGC91_gatling.ops.cohns.net_CNAME",
            "latency_routing_policy": [],
            "multivalue_answer_routing_policy": null,
            "name": "gatling.ops.cohns.net",
            "records": [
              "cohns-ops-gatling-us-west-2-alb-284476247.us-west-2.elb.amazonaws.com"
            ],
            "set_identifier": "",
            "ttl": 300,
            "type": "CNAME",
            "weighted_routing_policy": [],
            "zone_id": "Z9P1JIDNNGC91"
          },
          "private": "eyJzY2hlbWFfdmVyc2lvbiI6IjIifQ==",
          "dependencies": [
            "module.gatling-instance.aws_lb.alb"
          ]
        }
      ]
    },
    {
      "module": "module.app-vpc",
      "mode": "managed",
      "type": "aws_route_table",
      "name": "peer-route-table",
      "each": "list",
      "provider": "provider.aws",
      "instances": [
        {
          "index_key": 0,
          "schema_version": 0,
          "attributes": {
            "id": "rtb-0a25132c0496096fe",
            "owner_id": "534539339440",
            "propagating_vgws": [],
            "route": [],
            "tags": {
              "Application": "gatling",
              "Environment": "ops",
              "Name": "cohns-ops-gatling-us-west-2-peer-rtb"
            },
            "vpc_id": "vpc-0fbaa37a3bf312372"
          },
          "private": "bnVsbA==",
          "dependencies": [
            "module.app-vpc.aws_vpc.app-vpc"
          ]
        }
      ]
    },
    {
      "module": "module.app-vpc",
      "mode": "managed",
      "type": "aws_route_table",
      "name": "r",
      "each": "list",
      "provider": "provider.aws",
      "instances": [
        {
          "index_key": 0,
          "schema_version": 0,
          "attributes": {
            "id": "rtb-0f9fdd9a0e2b83d33",
            "owner_id": "534539339440",
            "propagating_vgws": [],
            "route": [
              {
                "cidr_block": "0.0.0.0/0",
                "egress_only_gateway_id": "",
                "gateway_id": "igw-082b3e67349aa1a69",
                "instance_id": "",
                "ipv6_cidr_block": "",
                "nat_gateway_id": "",
                "network_interface_id": "",
                "transit_gateway_id": "",
                "vpc_peering_connection_id": ""
              }
            ],
            "tags": {
              "Company": "cohns",
              "Environment": "ops",
              "Name": "cohns-ops-gatling-us-west-2-rtb",
              "Terraform": "true"
            },
            "vpc_id": "vpc-0fbaa37a3bf312372"
          },
          "private": "bnVsbA==",
          "dependencies": [
            "module.app-vpc.aws_internet_gateway.default",
            "module.app-vpc.aws_vpc.app-vpc"
          ]
        }
      ]
    },
    {
      "module": "module.app-vpc",
      "mode": "managed",
      "type": "aws_route_table_association",
      "name": "a",
      "each": "list",
      "provider": "provider.aws",
      "instances": [
        {
          "index_key": 0,
          "schema_version": 0,
          "attributes": {
            "gateway_id": null,
            "id": "rtbassoc-041c495ce2c9e4a02",
            "route_table_id": "rtb-0f9fdd9a0e2b83d33",
            "subnet_id": "subnet-0a1297c0b15096d46"
          },
          "private": "bnVsbA==",
          "dependencies": [
            "module.app-vpc.aws_internet_gateway.default",
            "module.app-vpc.aws_route_table.r",
            "module.app-vpc.aws_subnet.public_subnet",
            "module.app-vpc.aws_vpc.app-vpc"
          ]
        },
        {
          "index_key": 1,
          "schema_version": 0,
          "attributes": {
            "gateway_id": null,
            "id": "rtbassoc-0309a014e06df56fa",
            "route_table_id": "rtb-0f9fdd9a0e2b83d33",
            "subnet_id": "subnet-0ab792da5a8acc478"
          },
          "private": "bnVsbA==",
          "dependencies": [
            "module.app-vpc.aws_internet_gateway.default",
            "module.app-vpc.aws_route_table.r",
            "module.app-vpc.aws_subnet.public_subnet",
            "module.app-vpc.aws_vpc.app-vpc"
          ]
        }
      ]
    },
    {
      "module": "module.web-s3",
      "mode": "managed",
      "type": "aws_s3_bucket",
      "name": "b",
      "provider": "provider.aws",
      "instances": [
        {
          "schema_version": 0,
          "attributes": {
            "acceleration_status": "",
            "acl": "private",
            "arn": "arn:aws:s3:::534539339440-cloudtrail",
            "bucket": "534539339440-cloudtrail",
            "bucket_domain_name": "534539339440-cloudtrail.s3.amazonaws.com",
            "bucket_prefix": null,
            "bucket_regional_domain_name": "534539339440-cloudtrail.s3.us-west-2.amazonaws.com",
            "cors_rule": [],
            "force_destroy": false,
            "hosted_zone_id": "Z3BJ6K6RIION7M",
            "id": "534539339440-cloudtrail",
            "lifecycle_rule": [],
            "logging": [],
            "object_lock_configuration": [],
            "policy": null,
            "region": "us-west-2",
            "replication_configuration": [],
            "request_payer": "BucketOwner",
            "server_side_encryption_configuration": [],
            "tags": {
              "Environment": "ops",
              "Name": "cohns-ops-cloudtrail"
            },
            "versioning": [
              {
                "enabled": false,
                "mfa_delete": false
              }
            ],
            "website": [],
            "website_domain": null,
            "website_endpoint": null
          },
          "private": "bnVsbA=="
        }
      ]
    },
    {
      "module": "module.web-s3",
      "mode": "managed",
      "type": "aws_s3_bucket_policy",
      "name": "b",
      "provider": "provider.aws",
      "instances": [
        {
          "schema_version": 0,
          "attributes": {
            "bucket": "534539339440-cloudtrail",
            "id": "534539339440-cloudtrail",
            "policy": "{\"Version\":\"2012-10-17\",\"Statement\":[{\"Sid\":\"AWSCloudTrailAclCheck\",\"Effect\":\"Allow\",\"Principal\":{\"Service\":\"cloudtrail.amazonaws.com\"},\"Action\":\"s3:GetBucketAcl\",\"Resource\":\"arn:aws:s3:::534539339440-cloudtrail\"},{\"Sid\":\"AWSCloudTrailWrite\",\"Effect\":\"Allow\",\"Principal\":{\"Service\":\"cloudtrail.amazonaws.com\"},\"Action\":\"s3:PutObject\",\"Resource\":\"arn:aws:s3:::534539339440-cloudtrail/AWSLogs/534539339440/*\",\"Condition\":{\"StringEquals\":{\"s3:x-amz-acl\":\"bucket-owner-full-control\"}}}]}"
          },
          "private": "bnVsbA=="
        }
      ]
    },
    {
      "module": "module.app-vpc",
      "mode": "managed",
      "type": "aws_security_group",
      "name": "allow_flask",
      "each": "list",
      "provider": "provider.aws",
      "instances": [
        {
          "index_key": 0,
          "schema_version": 1,
          "attributes": {
            "arn": "arn:aws:ec2:us-west-2:534539339440:security-group/sg-020d90a970f8b2962",
            "description": "Allow flask inbound traffic for gatling",
            "egress": [],
            "id": "sg-020d90a970f8b2962",
            "ingress": [
              {
                "cidr_blocks": [
                  "0.0.0.0/0"
                ],
                "description": "",
                "from_port": 5000,
                "ipv6_cidr_blocks": [],
                "prefix_list_ids": [],
                "protocol": "tcp",
                "security_groups": [],
                "self": false,
                "to_port": 5000
              }
            ],
            "name": "gatling-allow-flask",
            "name_prefix": null,
            "owner_id": "534539339440",
            "revoke_rules_on_delete": false,
            "tags": {
              "Application": "gatling",
              "Environment": "ops",
              "Name": "cohns-ops-gatling-us-west-2-flask-sg"
            },
            "timeouts": null,
            "vpc_id": "vpc-0fbaa37a3bf312372"
          },
          "private": "eyJlMmJmYjczMC1lY2FhLTExZTYtOGY4OC0zNDM2M2JjN2M0YzAiOnsiY3JlYXRlIjo2MDAwMDAwMDAwMDAsImRlbGV0ZSI6NjAwMDAwMDAwMDAwfSwic2NoZW1hX3ZlcnNpb24iOiIxIn0=",
          "dependencies": [
            "module.app-vpc.aws_vpc.app-vpc"
          ]
        }
      ]
    },
    {
      "module": "module.app-vpc",
      "mode": "managed",
      "type": "aws_security_group",
      "name": "allow_http",
      "each": "list",
      "provider": "provider.aws",
      "instances": [
        {
          "index_key": 0,
          "schema_version": 1,
          "attributes": {
            "arn": "arn:aws:ec2:us-west-2:534539339440:security-group/sg-0b66ce91388f8a9dd",
            "description": "Allow http inbound traffic gatling",
            "egress": [],
            "id": "sg-0b66ce91388f8a9dd",
            "ingress": [
              {
                "cidr_blocks": [
                  "0.0.0.0/0"
                ],
                "description": "",
                "from_port": 80,
                "ipv6_cidr_blocks": [],
                "prefix_list_ids": [],
                "protocol": "tcp",
                "security_groups": [],
                "self": false,
                "to_port": 80
              }
            ],
            "name": "gatling-allow-http",
            "name_prefix": null,
            "owner_id": "534539339440",
            "revoke_rules_on_delete": false,
            "tags": {
              "Application": "gatling",
              "Environment": "ops",
              "Name": "cohns-ops-gatling-us-west-2-http-sg"
            },
            "timeouts": null,
            "vpc_id": "vpc-0fbaa37a3bf312372"
          },
          "private": "eyJlMmJmYjczMC1lY2FhLTExZTYtOGY4OC0zNDM2M2JjN2M0YzAiOnsiY3JlYXRlIjo2MDAwMDAwMDAwMDAsImRlbGV0ZSI6NjAwMDAwMDAwMDAwfSwic2NoZW1hX3ZlcnNpb24iOiIxIn0=",
          "dependencies": [
            "module.app-vpc.aws_vpc.app-vpc"
          ]
        }
      ]
    },
    {
      "module": "module.app-vpc",
      "mode": "managed",
      "type": "aws_security_group",
      "name": "allow_https",
      "each": "list",
      "provider": "provider.aws",
      "instances": [
        {
          "index_key": 0,
          "schema_version": 1,
          "attributes": {
            "arn": "arn:aws:ec2:us-west-2:534539339440:security-group/sg-01587d38c5924998a",
            "description": "Allow https inbound traffic gatling",
            "egress": [],
            "id": "sg-01587d38c5924998a",
            "ingress": [
              {
                "cidr_blocks": [
                  "0.0.0.0/0"
                ],
                "description": "",
                "from_port": 443,
                "ipv6_cidr_blocks": [],
                "prefix_list_ids": [],
                "protocol": "tcp",
                "security_groups": [],
                "self": false,
                "to_port": 443
              }
            ],
            "name": "gatling-allow-https",
            "name_prefix": null,
            "owner_id": "534539339440",
            "revoke_rules_on_delete": false,
            "tags": {
              "Application": "gatling",
              "Environment": "ops",
              "Name": "cohns-ops-gatling-us-west-2-https-sg"
            },
            "timeouts": null,
            "vpc_id": "vpc-0fbaa37a3bf312372"
          },
          "private": "eyJlMmJmYjczMC1lY2FhLTExZTYtOGY4OC0zNDM2M2JjN2M0YzAiOnsiY3JlYXRlIjo2MDAwMDAwMDAwMDAsImRlbGV0ZSI6NjAwMDAwMDAwMDAwfSwic2NoZW1hX3ZlcnNpb24iOiIxIn0=",
          "dependencies": [
            "module.app-vpc.aws_vpc.app-vpc"
          ]
        }
      ]
    },
    {
      "module": "module.app-vpc",
      "mode": "managed",
      "type": "aws_security_group",
      "name": "allow_mysql",
      "each": "list",
      "provider": "provider.aws",
      "instances": [
        {
          "index_key": 0,
          "schema_version": 1,
          "attributes": {
            "arn": "arn:aws:ec2:us-west-2:534539339440:security-group/sg-08d54b59a36993d42",
            "description": "Allow mysql inbound traffic gatling",
            "egress": [],
            "id": "sg-08d54b59a36993d42",
            "ingress": [
              {
                "cidr_blocks": [
                  "10.0.0.0/8"
                ],
                "description": "",
                "from_port": 3306,
                "ipv6_cidr_blocks": [],
                "prefix_list_ids": [],
                "protocol": "tcp",
                "security_groups": [],
                "self": false,
                "to_port": 3306
              }
            ],
            "name": "gatling-allow-mysql",
            "name_prefix": null,
            "owner_id": "534539339440",
            "revoke_rules_on_delete": false,
            "tags": {
              "Application": "gatling",
              "Environment": "ops",
              "Name": "cohns-ops-gatling-us-west-2-mysql-sg"
            },
            "timeouts": null,
            "vpc_id": "vpc-0fbaa37a3bf312372"
          },
          "private": "eyJlMmJmYjczMC1lY2FhLTExZTYtOGY4OC0zNDM2M2JjN2M0YzAiOnsiY3JlYXRlIjo2MDAwMDAwMDAwMDAsImRlbGV0ZSI6NjAwMDAwMDAwMDAwfSwic2NoZW1hX3ZlcnNpb24iOiIxIn0=",
          "dependencies": [
            "module.app-vpc.aws_vpc.app-vpc"
          ]
        }
      ]
    },
    {
      "module": "module.app-vpc",
      "mode": "managed",
      "type": "aws_security_group",
      "name": "allow_nfs",
      "each": "list",
      "provider": "provider.aws",
      "instances": [
        {
          "index_key": 0,
          "schema_version": 1,
          "attributes": {
            "arn": "arn:aws:ec2:us-west-2:534539339440:security-group/sg-046b7cab2b7bcf4b5",
            "description": "Allow nfs inbound traffic for gatling",
            "egress": [],
            "id": "sg-046b7cab2b7bcf4b5",
            "ingress": [
              {
                "cidr_blocks": [
                  "10.0.0.0/8"
                ],
                "description": "",
                "from_port": 2049,
                "ipv6_cidr_blocks": [],
                "prefix_list_ids": [],
                "protocol": "tcp",
                "security_groups": [],
                "self": false,
                "to_port": 2049
              }
            ],
            "name": "gatling-allow-nfs",
            "name_prefix": null,
            "owner_id": "534539339440",
            "revoke_rules_on_delete": false,
            "tags": {
              "Application": "gatling",
              "Environment": "ops",
              "Name": "cohns-ops-gatling-us-west-2-nfs-sg"
            },
            "timeouts": null,
            "vpc_id": "vpc-0fbaa37a3bf312372"
          },
          "private": "eyJlMmJmYjczMC1lY2FhLTExZTYtOGY4OC0zNDM2M2JjN2M0YzAiOnsiY3JlYXRlIjo2MDAwMDAwMDAwMDAsImRlbGV0ZSI6NjAwMDAwMDAwMDAwfSwic2NoZW1hX3ZlcnNpb24iOiIxIn0=",
          "dependencies": [
            "module.app-vpc.aws_vpc.app-vpc"
          ]
        }
      ]
    },
    {
      "module": "module.app-vpc",
      "mode": "managed",
      "type": "aws_security_group",
      "name": "allow_outbound",
      "each": "list",
      "provider": "provider.aws",
      "instances": [
        {
          "index_key": 0,
          "schema_version": 1,
          "attributes": {
            "arn": "arn:aws:ec2:us-west-2:534539339440:security-group/sg-0beb6a9e6003ff8e2",
            "description": "Allow outbound traffic for gatling",
            "egress": [
              {
                "cidr_blocks": [
                  "0.0.0.0/0"
                ],
                "description": "",
                "from_port": 0,
                "ipv6_cidr_blocks": [],
                "prefix_list_ids": [],
                "protocol": "-1",
                "security_groups": [],
                "self": false,
                "to_port": 0
              }
            ],
            "id": "sg-0beb6a9e6003ff8e2",
            "ingress": [],
            "name": "gatling-allow-outbound",
            "name_prefix": null,
            "owner_id": "534539339440",
            "revoke_rules_on_delete": false,
            "tags": {
              "Application": "gatling",
              "Environment": "ops",
              "Name": "cohns-ops-gatling-us-west-2-outbound-sg"
            },
            "timeouts": null,
            "vpc_id": "vpc-0fbaa37a3bf312372"
          },
          "private": "eyJlMmJmYjczMC1lY2FhLTExZTYtOGY4OC0zNDM2M2JjN2M0YzAiOnsiY3JlYXRlIjo2MDAwMDAwMDAwMDAsImRlbGV0ZSI6NjAwMDAwMDAwMDAwfSwic2NoZW1hX3ZlcnNpb24iOiIxIn0=",
          "dependencies": [
            "module.app-vpc.aws_vpc.app-vpc"
          ]
        }
      ]
    },
    {
      "module": "module.app-vpc",
      "mode": "managed",
      "type": "aws_security_group",
      "name": "allow_ssh",
      "each": "list",
      "provider": "provider.aws",
      "instances": [
        {
          "index_key": 0,
          "schema_version": 1,
          "attributes": {
            "arn": "arn:aws:ec2:us-west-2:534539339440:security-group/sg-0e26c18492fed8366",
            "description": "Allow SSH inbound traffic for gatling",
            "egress": [],
            "id": "sg-0e26c18492fed8366",
            "ingress": [
              {
                "cidr_blocks": [
                  "0.0.0.0/0"
                ],
                "description": "",
                "from_port": 22,
                "ipv6_cidr_blocks": [],
                "prefix_list_ids": [],
                "protocol": "tcp",
                "security_groups": [],
                "self": false,
                "to_port": 22
              }
            ],
            "name": "gatling-allow-ssh",
            "name_prefix": null,
            "owner_id": "534539339440",
            "revoke_rules_on_delete": false,
            "tags": {
              "Application": "gatling",
              "Environment": "ops",
              "Name": "cohns-ops-gatling-us-west-2-ssh-sg"
            },
            "timeouts": null,
            "vpc_id": "vpc-0fbaa37a3bf312372"
          },
          "private": "eyJlMmJmYjczMC1lY2FhLTExZTYtOGY4OC0zNDM2M2JjN2M0YzAiOnsiY3JlYXRlIjo2MDAwMDAwMDAwMDAsImRlbGV0ZSI6NjAwMDAwMDAwMDAwfSwic2NoZW1hX3ZlcnNpb24iOiIxIn0=",
          "dependencies": [
            "module.app-vpc.aws_vpc.app-vpc"
          ]
        }
      ]
    },
    {
      "module": "module.app-vpc",
      "mode": "managed",
      "type": "aws_subnet",
      "name": "private_subnet",
      "each": "list",
      "provider": "provider.aws",
      "instances": [
        {
          "index_key": 0,
          "schema_version": 1,
          "attributes": {
            "arn": "arn:aws:ec2:us-west-2:534539339440:subnet/subnet-02caf9764ff43fb3d",
            "assign_ipv6_address_on_creation": false,
            "availability_zone": "us-west-2a",
            "availability_zone_id": "usw2-az1",
            "cidr_block": "10.0.0.0/20",
            "id": "subnet-02caf9764ff43fb3d",
            "ipv6_cidr_block": "",
            "ipv6_cidr_block_association_id": "",
            "map_public_ip_on_launch": false,
            "owner_id": "534539339440",
            "tags": {
              "Application": "gatling",
              "Environment": "ops",
              "Name": "cohns-ops-gatling-us-west-2a-prv",
              "SubnetType": "Private"
            },
            "timeouts": null,
            "vpc_id": "vpc-0fbaa37a3bf312372"
          },
          "private": "eyJlMmJmYjczMC1lY2FhLTExZTYtOGY4OC0zNDM2M2JjN2M0YzAiOnsiY3JlYXRlIjo2MDAwMDAwMDAwMDAsImRlbGV0ZSI6MTIwMDAwMDAwMDAwMH0sInNjaGVtYV92ZXJzaW9uIjoiMSJ9",
          "dependencies": [
            "module.app-vpc.aws_vpc.app-vpc"
          ]
        },
        {
          "index_key": 1,
          "schema_version": 1,
          "attributes": {
            "arn": "arn:aws:ec2:us-west-2:534539339440:subnet/subnet-0c3e3f7c115fa4116",
            "assign_ipv6_address_on_creation": false,
            "availability_zone": "us-west-2b",
            "availability_zone_id": "usw2-az2",
            "cidr_block": "10.0.16.0/20",
            "id": "subnet-0c3e3f7c115fa4116",
            "ipv6_cidr_block": "",
            "ipv6_cidr_block_association_id": "",
            "map_public_ip_on_launch": false,
            "owner_id": "534539339440",
            "tags": {
              "Application": "gatling",
              "Environment": "ops",
              "Name": "cohns-ops-gatling-us-west-2b-prv",
              "SubnetType": "Private"
            },
            "timeouts": null,
            "vpc_id": "vpc-0fbaa37a3bf312372"
          },
          "private": "eyJlMmJmYjczMC1lY2FhLTExZTYtOGY4OC0zNDM2M2JjN2M0YzAiOnsiY3JlYXRlIjo2MDAwMDAwMDAwMDAsImRlbGV0ZSI6MTIwMDAwMDAwMDAwMH0sInNjaGVtYV92ZXJzaW9uIjoiMSJ9",
          "dependencies": [
            "module.app-vpc.aws_vpc.app-vpc"
          ]
        }
      ]
    },
    {
      "module": "module.app-vpc",
      "mode": "managed",
      "type": "aws_subnet",
      "name": "public_subnet",
      "each": "list",
      "provider": "provider.aws",
      "instances": [
        {
          "index_key": 0,
          "schema_version": 1,
          "attributes": {
            "arn": "arn:aws:ec2:us-west-2:534539339440:subnet/subnet-0a1297c0b15096d46",
            "assign_ipv6_address_on_creation": false,
            "availability_zone": "us-west-2a",
            "availability_zone_id": "usw2-az1",
            "cidr_block": "10.0.32.0/20",
            "id": "subnet-0a1297c0b15096d46",
            "ipv6_cidr_block": "",
            "ipv6_cidr_block_association_id": "",
            "map_public_ip_on_launch": true,
            "owner_id": "534539339440",
            "tags": {
              "Application": "gatling",
              "Environment": "ops",
              "Name": "cohns-ops-gatling-us-west-2a-pub",
              "SubnetType": "Public"
            },
            "timeouts": null,
            "vpc_id": "vpc-0fbaa37a3bf312372"
          },
          "private": "eyJlMmJmYjczMC1lY2FhLTExZTYtOGY4OC0zNDM2M2JjN2M0YzAiOnsiY3JlYXRlIjo2MDAwMDAwMDAwMDAsImRlbGV0ZSI6MTIwMDAwMDAwMDAwMH0sInNjaGVtYV92ZXJzaW9uIjoiMSJ9",
          "dependencies": [
            "module.app-vpc.aws_vpc.app-vpc"
          ]
        },
        {
          "index_key": 1,
          "schema_version": 1,
          "attributes": {
            "arn": "arn:aws:ec2:us-west-2:534539339440:subnet/subnet-0ab792da5a8acc478",
            "assign_ipv6_address_on_creation": false,
            "availability_zone": "us-west-2b",
            "availability_zone_id": "usw2-az2",
            "cidr_block": "10.0.48.0/20",
            "id": "subnet-0ab792da5a8acc478",
            "ipv6_cidr_block": "",
            "ipv6_cidr_block_association_id": "",
            "map_public_ip_on_launch": true,
            "owner_id": "534539339440",
            "tags": {
              "Application": "gatling",
              "Environment": "ops",
              "Name": "cohns-ops-gatling-us-west-2b-pub",
              "SubnetType": "Public"
            },
            "timeouts": null,
            "vpc_id": "vpc-0fbaa37a3bf312372"
          },
          "private": "eyJlMmJmYjczMC1lY2FhLTExZTYtOGY4OC0zNDM2M2JjN2M0YzAiOnsiY3JlYXRlIjo2MDAwMDAwMDAwMDAsImRlbGV0ZSI6MTIwMDAwMDAwMDAwMH0sInNjaGVtYV92ZXJzaW9uIjoiMSJ9",
          "dependencies": [
            "module.app-vpc.aws_vpc.app-vpc"
          ]
        }
      ]
    },
    {
      "module": "module.app-vpc",
      "mode": "managed",
      "type": "aws_vpc",
      "name": "app-vpc",
      "each": "list",
      "provider": "provider.aws",
      "instances": [
        {
          "index_key": 0,
          "schema_version": 1,
          "attributes": {
            "arn": "arn:aws:ec2:us-west-2::vpc/vpc-0fbaa37a3bf312372",
            "assign_generated_ipv6_cidr_block": false,
            "cidr_block": "10.0.0.0/16",
            "default_network_acl_id": "acl-03fc740837df7f795",
            "default_route_table_id": "rtb-000b310c9b4c1dd52",
            "default_security_group_id": "sg-033b35174d5ad265c",
            "dhcp_options_id": "dopt-5899fc30",
            "enable_classiclink": false,
            "enable_classiclink_dns_support": false,
            "enable_dns_hostnames": true,
            "enable_dns_support": true,
            "id": "vpc-0fbaa37a3bf312372",
            "instance_tenancy": "default",
            "ipv6_association_id": "",
            "ipv6_cidr_block": "",
            "main_route_table_id": "rtb-000b310c9b4c1dd52",
            "owner_id": "534539339440",
            "tags": {
              "Environment": "ops",
              "Name": "cohns-ops-gatling-us-west-2-vpc",
              "Service": "gatling"
            }
          },
          "private": "eyJzY2hlbWFfdmVyc2lvbiI6IjEifQ=="
        }
      ]
    },
    {
      "module": "module.app-vpc",
      "mode": "managed",
      "type": "aws_vpc_peering_connection",
      "name": "peer",
      "each": "list",
      "provider": "provider.aws",
      "instances": []
    }
  ]
}
