{
  "version": 4,
  "terraform_version": "0.12.19",
  "serial": 132,
  "lineage": "14f9315c-d2ed-5967-199a-a37ce5bab711",
  "outputs": {},
  "resources": [
    {
      "module": "module.web-s3",
      "mode": "data",
      "type": "aws_caller_identity",
      "name": "current",
      "provider": "provider.aws",
      "instances": [
        {
          "schema_version": 0,
          "attributes": {
            "account_id": "069717985088",
            "arn": "arn:aws:sts::069717985088:assumed-role/cohns-prod-admin-role/cohns-prod-admin-session",
            "id": "2020-01-03 13:50:56.408352831 +0000 UTC",
            "user_id": "AROARAO4EA5ALVIBTTSQT:cohns-prod-admin-session"
          }
        }
      ]
    },
    {
      "module": "module.rpm-db",
      "mode": "data",
      "type": "aws_iam_policy_document",
      "name": "rds_enhanced_monitoring",
      "provider": "provider.aws",
      "instances": [
        {
          "schema_version": 0,
          "attributes": {
            "id": "1813475199",
            "json": "{\n  \"Version\": \"2012-10-17\",\n  \"Statement\": [\n    {\n      \"Sid\": \"\",\n      \"Effect\": \"Allow\",\n      \"Action\": \"sts:AssumeRole\",\n      \"Principal\": {\n        \"Service\": \"monitoring.rds.amazonaws.com\"\n      }\n    }\n  ]\n}",
            "override_json": null,
            "policy_id": null,
            "source_json": null,
            "statement": [
              {
                "actions": [
                  "sts:AssumeRole"
                ],
                "condition": [],
                "effect": "Allow",
                "not_actions": [],
                "not_principals": [],
                "not_resources": [],
                "principals": [
                  {
                    "identifiers": [
                      "monitoring.rds.amazonaws.com"
                    ],
                    "type": "Service"
                  }
                ],
                "resources": [],
                "sid": ""
              }
            ],
            "version": "2012-10-17"
          }
        }
      ]
    },
    {
      "module": "module.rpm-db",
      "mode": "data",
      "type": "aws_subnet_ids",
      "name": "private",
      "each": "list",
      "provider": "provider.aws",
      "instances": [
        {
          "index_key": 0,
          "schema_version": 0,
          "attributes": {
            "filter": null,
            "id": "vpc-0d616a571dd74c1bc",
            "ids": [
              "subnet-03af697c9be1f46e2",
              "subnet-0c4b47dd6580841a8"
            ],
            "tags": {
              "SubnetType": "Private"
            },
            "vpc_id": "vpc-0d616a571dd74c1bc"
          }
        }
      ]
    },
    {
      "module": "module.rpm-asg",
      "mode": "data",
      "type": "aws_subnet_ids",
      "name": "public",
      "each": "list",
      "provider": "provider.aws",
      "instances": [
        {
          "index_key": 0,
          "schema_version": 0,
          "attributes": {
            "filter": null,
            "id": "vpc-0d616a571dd74c1bc",
            "ids": [
              "subnet-0220c0f4713de085d",
              "subnet-02c9dbba3586f171c"
            ],
            "tags": {
              "SubnetType": "Public"
            },
            "vpc_id": "vpc-0d616a571dd74c1bc"
          }
        }
      ]
    },
    {
      "module": "module.rpm-asg",
      "mode": "data",
      "type": "template_file",
      "name": "user_data",
      "provider": "provider.template",
      "instances": [
        {
          "schema_version": 0,
          "attributes": {
            "filename": null,
            "id": "e03169c5466a70fd0f04d040d2a06bc142b12caa5ef9caf0a4dd1a4aa6ba311e",
            "rendered": "#! /bin/bash\nsudo ln -sf /usr/share/zoneinfo/CST6CDT /etc/localtime\nsudo service httpd start\n",
            "template": "#! /bin/bash\nsudo ln -sf /usr/share/zoneinfo/CST6CDT /etc/localtime\nsudo service httpd start\n",
            "vars": {
              "efs_filesystem": ""
            }
          }
        }
      ]
    },
    {
      "module": "module.rpm-asg",
      "mode": "managed",
      "type": "aws_autoscaling_attachment",
      "name": "svc_asg_external",
      "each": "list",
      "provider": "provider.aws",
      "instances": [
        {
          "index_key": 0,
          "schema_version": 0,
          "attributes": {
            "alb_target_group_arn": "arn:aws:elasticloadbalancing:us-west-2:069717985088:targetgroup/cohns-prod-rpm-us-west-2-tg/4c7107249899b8b7",
            "autoscaling_group_name": "cohns-prod-rpm-us-west-2-asg",
            "elb": null,
            "id": "cohns-prod-rpm-us-west-2-asg-20191229231904861400000001"
          },
          "private": "bnVsbA==",
          "dependencies": [
            "module.app-vpc.aws_vpc.app-vpc",
            "module.rpm-asg.aws_autoscaling_group.asg",
            "module.rpm-asg.aws_launch_template.spot-lt",
            "module.rpm-asg.aws_lb_target_group.alb_target_group"
          ]
        }
      ]
    },
    {
      "module": "module.rpm-asg",
      "mode": "managed",
      "type": "aws_autoscaling_group",
      "name": "asg",
      "each": "list",
      "provider": "provider.aws",
      "instances": [
        {
          "index_key": 0,
          "schema_version": 0,
          "attributes": {
            "arn": "arn:aws:autoscaling:us-west-2:069717985088:autoScalingGroup:21181d8b-ce78-478b-855f-0b304f662241:autoScalingGroupName/cohns-prod-rpm-us-west-2-asg",
            "availability_zones": [
              "us-west-2a",
              "us-west-2b"
            ],
            "default_cooldown": 300,
            "desired_capacity": 1,
            "enabled_metrics": [],
            "force_delete": false,
            "health_check_grace_period": 300,
            "health_check_type": "ELB",
            "id": "cohns-prod-rpm-us-west-2-asg",
            "initial_lifecycle_hook": [],
            "launch_configuration": "",
            "launch_template": [
              {
                "id": "lt-0960f597fd1865fca",
                "name": "cohns-prod-rpm-us-west-2-demand-lt",
                "version": "$Latest"
              }
            ],
            "load_balancers": [],
            "max_instance_lifetime": 0,
            "max_size": 1,
            "metrics_granularity": "1Minute",
            "min_elb_capacity": null,
            "min_size": 1,
            "mixed_instances_policy": [],
            "name": "cohns-prod-rpm-us-west-2-asg",
            "name_prefix": null,
            "placement_group": "",
            "protect_from_scale_in": false,
            "service_linked_role_arn": "arn:aws:iam::069717985088:role/aws-service-role/autoscaling.amazonaws.com/AWSServiceRoleForAutoScaling",
            "suspended_processes": [],
            "tag": [],
            "tags": null,
            "target_group_arns": [
              "arn:aws:elasticloadbalancing:us-west-2:069717985088:targetgroup/cohns-prod-rpm-us-west-2-tg/4c7107249899b8b7"
            ],
            "termination_policies": [],
            "timeouts": null,
            "vpc_zone_identifier": [
              "subnet-0220c0f4713de085d",
              "subnet-02c9dbba3586f171c"
            ],
            "wait_for_capacity_timeout": "10m",
            "wait_for_elb_capacity": null
          },
          "private": "eyJlMmJmYjczMC1lY2FhLTExZTYtOGY4OC0zNDM2M2JjN2M0YzAiOnsiZGVsZXRlIjo2MDAwMDAwMDAwMDB9fQ==",
          "dependencies": [
            "module.app-vpc.aws_vpc.app-vpc",
            "module.rpm-asg.aws_launch_template.demand-lt"
          ]
        }
      ]
    },
    {
      "module": "module.web-s3",
      "mode": "managed",
      "type": "aws_cloudtrail",
      "name": "web",
      "provider": "provider.aws",
      "instances": [
        {
          "schema_version": 0,
          "attributes": {
            "arn": "arn:aws:cloudtrail:us-west-2:069717985088:trail/cohns-rpm-ct",
            "cloud_watch_logs_group_arn": "",
            "cloud_watch_logs_role_arn": "",
            "enable_log_file_validation": false,
            "enable_logging": true,
            "event_selector": [],
            "home_region": "us-west-2",
            "id": "cohns-rpm-ct",
            "include_global_service_events": false,
            "is_multi_region_trail": false,
            "is_organization_trail": false,
            "kms_key_id": "",
            "name": "cohns-rpm-ct",
            "s3_bucket_name": "069717985088-cloudtrail",
            "s3_key_prefix": "",
            "sns_topic_name": "",
            "tags": {}
          },
          "private": "bnVsbA==",
          "dependencies": [
            "module.web-s3.aws_s3_bucket_policy.b"
          ]
        }
      ]
    },
    {
      "module": "module.rpm-db",
      "mode": "managed",
      "type": "aws_db_instance",
      "name": "rpm",
      "each": "list",
      "provider": "provider.aws",
      "instances": [
        {
          "index_key": 0,
          "schema_version": 0,
          "attributes": {
            "address": "cohns-prod-rpm-db.c2rfsbticp5m.us-west-2.rds.amazonaws.com",
            "allocated_storage": 20,
            "allow_major_version_upgrade": null,
            "apply_immediately": null,
            "arn": "arn:aws:rds:us-west-2:069717985088:db:cohns-prod-rpm-db",
            "auto_minor_version_upgrade": true,
            "availability_zone": "us-west-2b",
            "backup_retention_period": 7,
            "backup_window": "11:09-11:39",
            "ca_cert_identifier": "rds-ca-2019",
            "character_set_name": null,
            "copy_tags_to_snapshot": false,
            "db_subnet_group_name": "cohns-prod-rpm-db-subnets",
            "deletion_protection": false,
            "domain": "",
            "domain_iam_role_name": "",
            "enabled_cloudwatch_logs_exports": [],
            "endpoint": "cohns-prod-rpm-db.c2rfsbticp5m.us-west-2.rds.amazonaws.com:3306",
            "engine": "mysql",
            "engine_version": "5.5.61",
            "final_snapshot_identifier": null,
            "hosted_zone_id": "Z1PVIF0B656C1W",
            "iam_database_authentication_enabled": false,
            "id": "cohns-prod-rpm-db",
            "identifier": "cohns-prod-rpm-db",
            "identifier_prefix": null,
            "instance_class": "db.t3.micro",
            "iops": 0,
            "kms_key_id": "",
            "license_model": "general-public-license",
            "maintenance_window": "tue:09:55-tue:10:25",
            "max_allocated_storage": 0,
            "monitoring_interval": 1,
            "monitoring_role_arn": "arn:aws:iam::069717985088:role/rds-enhanced-monitoring-20191229224404421000000001",
            "multi_az": false,
            "name": "bgprod",
            "option_group_name": "default:mysql-5-5",
            "parameter_group_name": "default.mysql5.5",
            "password": "r0ck\u0026R011",
            "performance_insights_enabled": false,
            "performance_insights_kms_key_id": "",
            "performance_insights_retention_period": 0,
            "port": 3306,
            "publicly_accessible": false,
            "replicas": [],
            "replicate_source_db": "",
            "resource_id": "db-SNZPQHRTILDZRO6H6ABZG6GQBY",
            "s3_import": [],
            "security_group_names": [],
            "skip_final_snapshot": true,
            "snapshot_identifier": "arn:aws:rds:us-west-2:069717985088:snapshot:cohns-prod-rpm-db-snap",
            "status": "available",
            "storage_encrypted": false,
            "storage_type": "gp2",
            "tags": {},
            "timeouts": null,
            "timezone": "",
            "username": "root",
            "vpc_security_group_ids": [
              "sg-0511ba5be7fd6ed17",
              "sg-0ff873c96fa61d5ea"
            ]
          },
          "private": "eyJlMmJmYjczMC1lY2FhLTExZTYtOGY4OC0zNDM2M2JjN2M0YzAiOnsiY3JlYXRlIjoyNDAwMDAwMDAwMDAwLCJkZWxldGUiOjI0MDAwMDAwMDAwMDAsInVwZGF0ZSI6NDgwMDAwMDAwMDAwMH19",
          "dependencies": [
            "module.app-vpc.aws_security_group.allow_mysql",
            "module.app-vpc.aws_security_group.allow_outbound",
            "module.rpm-db.aws_iam_role.rds_enhanced_monitoring"
          ]
        }
      ]
    },
    {
      "module": "module.rpm-db",
      "mode": "managed",
      "type": "aws_db_subnet_group",
      "name": "rpm",
      "each": "list",
      "provider": "provider.aws",
      "instances": [
        {
          "index_key": 0,
          "schema_version": 0,
          "attributes": {
            "arn": "arn:aws:rds:us-west-2:069717985088:subgrp:cohns-prod-rpm-db-subnets",
            "description": "DB Subnet Group",
            "id": "cohns-prod-rpm-db-subnets",
            "name": "cohns-prod-rpm-db-subnets",
            "name_prefix": null,
            "subnet_ids": [
              "subnet-03af697c9be1f46e2",
              "subnet-0c4b47dd6580841a8"
            ],
            "tags": {
              "Company": "cohns",
              "Name": "cohns-prod-rpm-db-subnets"
            }
          },
          "private": "bnVsbA==",
          "dependencies": [
            "module.app-vpc.aws_vpc.app-vpc"
          ]
        }
      ]
    },
    {
      "module": "module.app-vpc",
      "mode": "managed",
      "type": "aws_ec2_client_vpn_endpoint",
      "name": "dad_client_vpn",
      "provider": "provider.aws",
      "instances": [
        {
          "schema_version": 0,
          "attributes": {
            "authentication_options": [
              {
                "active_directory_id": "",
                "root_certificate_chain_arn": "arn:aws:acm:us-west-2:069717985088:certificate/fa21c11d-b01d-4580-afde-9be644794fd4",
                "type": "certificate-authentication"
              }
            ],
            "client_cidr_block": "192.168.0.0/20",
            "connection_log_options": [
              {
                "cloudwatch_log_group": "",
                "cloudwatch_log_stream": "",
                "enabled": false
              }
            ],
            "description": "dad-client-vpn",
            "dns_name": "*.cvpn-endpoint-08bd1da1d68422541.prod.clientvpn.us-west-2.amazonaws.com",
            "dns_servers": null,
            "id": "cvpn-endpoint-08bd1da1d68422541",
            "server_certificate_arn": "arn:aws:acm:us-west-2:069717985088:certificate/fa21c11d-b01d-4580-afde-9be644794fd4",
            "split_tunnel": false,
            "status": null,
            "tags": {},
            "transport_protocol": "udp"
          },
          "private": "bnVsbA=="
        }
      ]
    },
    {
      "module": "module.rpm-db",
      "mode": "managed",
      "type": "aws_iam_role",
      "name": "rds_enhanced_monitoring",
      "provider": "provider.aws",
      "instances": [
        {
          "schema_version": 0,
          "attributes": {
            "arn": "arn:aws:iam::069717985088:role/rds-enhanced-monitoring-20191229224404421000000001",
            "assume_role_policy": "{\"Version\":\"2012-10-17\",\"Statement\":[{\"Sid\":\"\",\"Effect\":\"Allow\",\"Principal\":{\"Service\":\"monitoring.rds.amazonaws.com\"},\"Action\":\"sts:AssumeRole\"}]}",
            "create_date": "2019-12-29T22:44:04Z",
            "description": "",
            "force_detach_policies": false,
            "id": "rds-enhanced-monitoring-20191229224404421000000001",
            "max_session_duration": 3600,
            "name": "rds-enhanced-monitoring-20191229224404421000000001",
            "name_prefix": "rds-enhanced-monitoring-",
            "path": "/",
            "permissions_boundary": null,
            "tags": {},
            "unique_id": "AROARAO4EA5AFW2APWCSK"
          },
          "private": "bnVsbA=="
        }
      ]
    },
    {
      "module": "module.rpm-db",
      "mode": "managed",
      "type": "aws_iam_role_policy_attachment",
      "name": "rds_enhanced_monitoring",
      "provider": "provider.aws",
      "instances": [
        {
          "schema_version": 0,
          "attributes": {
            "id": "rds-enhanced-monitoring-20191229224404421000000001-20191229224405261400000002",
            "policy_arn": "arn:aws:iam::aws:policy/service-role/AmazonRDSEnhancedMonitoringRole",
            "role": "rds-enhanced-monitoring-20191229224404421000000001"
          },
          "private": "bnVsbA==",
          "dependencies": [
            "module.rpm-db.aws_iam_role.rds_enhanced_monitoring"
          ]
        }
      ]
    },
    {
      "module": "module.app-vpc",
      "mode": "managed",
      "type": "aws_internet_gateway",
      "name": "default",
      "each": "list",
      "provider": "provider.aws",
      "instances": [
        {
          "index_key": 0,
          "schema_version": 0,
          "attributes": {
            "id": "igw-07f538a47915b8277",
            "owner_id": "069717985088",
            "tags": {
              "Application": "rpm",
              "Environment": "prod",
              "Name": "cohns-prod-rpm-us-west-2-vpc-igw"
            },
            "vpc_id": "vpc-0d616a571dd74c1bc"
          },
          "private": "bnVsbA==",
          "dependencies": [
            "module.app-vpc.aws_vpc.app-vpc"
          ]
        }
      ]
    },
    {
      "module": "module.rpm-asg",
      "mode": "managed",
      "type": "aws_launch_template",
      "name": "demand-lt",
      "each": "list",
      "provider": "provider.aws",
      "instances": [
        {
          "index_key": 0,
          "schema_version": 0,
          "attributes": {
            "arn": "arn:aws:ec2:us-west-2:069717985088:launch-template/lt-0960f597fd1865fca",
            "block_device_mappings": [],
            "capacity_reservation_specification": [],
            "credit_specification": [],
            "default_version": 1,
            "description": "",
            "disable_api_termination": false,
            "ebs_optimized": "",
            "elastic_gpu_specifications": [],
            "elastic_inference_accelerator": [],
            "iam_instance_profile": [],
            "id": "lt-0960f597fd1865fca",
            "image_id": "ami-0639fb5c4233c91a1",
            "instance_initiated_shutdown_behavior": "",
            "instance_market_options": [],
            "instance_type": "t2.micro",
            "kernel_id": "",
            "key_name": "cohns-prod-rpm-key",
            "latest_version": 1,
            "license_specification": [],
            "monitoring": [],
            "name": "cohns-prod-rpm-us-west-2-demand-lt",
            "name_prefix": null,
            "network_interfaces": [],
            "placement": [],
            "ram_disk_id": "",
            "security_group_names": [],
            "tag_specifications": [
              {
                "resource_type": "instance",
                "tags": {
                  "Application": "rpm",
                  "Company": "cohns",
                  "Environment": "prod",
                  "Name": "cohns-prod-us-west-2-rpm-instance"
                }
              }
            ],
            "tags": {},
            "user_data": "IyEgL2Jpbi9iYXNoCnN1ZG8gbG4gLXNmIC91c3Ivc2hhcmUvem9uZWluZm8vQ1NUNkNEVCAvZXRjL2xvY2FsdGltZQpzdWRvIHNlcnZpY2UgaHR0cGQgc3RhcnQK",
            "vpc_security_group_ids": [
              "sg-020eef68f3239a146",
              "sg-0511ba5be7fd6ed17",
              "sg-09635e2818cac7109",
              "sg-0b63b1888eee5ff6b"
            ]
          },
          "private": "bnVsbA==",
          "dependencies": [
            "module.app-vpc.aws_security_group.allow_http",
            "module.app-vpc.aws_security_group.allow_https",
            "module.app-vpc.aws_security_group.allow_outbound",
            "module.app-vpc.aws_security_group.allow_ssh"
          ]
        }
      ]
    },
    {
      "module": "module.rpm-asg",
      "mode": "managed",
      "type": "aws_launch_template",
      "name": "spot-lt",
      "each": "list",
      "provider": "provider.aws",
      "instances": [
        {
          "index_key": 0,
          "schema_version": 0,
          "attributes": {
            "arn": "arn:aws:ec2:us-west-2:069717985088:launch-template/lt-02c463795bb4acb6a",
            "block_device_mappings": [],
            "capacity_reservation_specification": [],
            "credit_specification": [],
            "default_version": 1,
            "description": "",
            "disable_api_termination": false,
            "ebs_optimized": "",
            "elastic_gpu_specifications": [],
            "elastic_inference_accelerator": [],
            "iam_instance_profile": [],
            "id": "lt-02c463795bb4acb6a",
            "image_id": "ami-0639fb5c4233c91a1",
            "instance_initiated_shutdown_behavior": "",
            "instance_market_options": [
              {
                "market_type": "spot",
                "spot_options": [
                  {
                    "block_duration_minutes": 0,
                    "instance_interruption_behavior": "",
                    "max_price": "0.006",
                    "spot_instance_type": "one-time",
                    "valid_until": ""
                  }
                ]
              }
            ],
            "instance_type": "t2.micro",
            "kernel_id": "",
            "key_name": "cohns-prod-rpm-key",
            "latest_version": 5,
            "license_specification": [],
            "monitoring": [],
            "name": "cohns-prod-rpm-us-west-2-spot-lt",
            "name_prefix": null,
            "network_interfaces": [],
            "placement": [],
            "ram_disk_id": "",
            "security_group_names": [],
            "tag_specifications": [
              {
                "resource_type": "instance",
                "tags": {
                  "Application": "rpm",
                  "Company": "cohns",
                  "Environment": "prod",
                  "Name": "cohns-prod-us-west-2-rpm-instance"
                }
              }
            ],
            "tags": {},
            "user_data": "IyEgL2Jpbi9iYXNoCnN1ZG8gbG4gLXNmIC91c3Ivc2hhcmUvem9uZWluZm8vQ1NUNkNEVCAvZXRjL2xvY2FsdGltZQpzdWRvIHNlcnZpY2UgaHR0cGQgc3RhcnQK",
            "vpc_security_group_ids": [
              "sg-020eef68f3239a146",
              "sg-0511ba5be7fd6ed17",
              "sg-09635e2818cac7109",
              "sg-0b63b1888eee5ff6b"
            ]
          },
          "private": "bnVsbA==",
          "dependencies": [
            "module.app-vpc.aws_security_group.allow_http",
            "module.app-vpc.aws_security_group.allow_https",
            "module.app-vpc.aws_security_group.allow_outbound",
            "module.app-vpc.aws_security_group.allow_ssh"
          ]
        }
      ]
    },
    {
      "module": "module.rpm-asg",
      "mode": "managed",
      "type": "aws_lb",
      "name": "alb",
      "each": "list",
      "provider": "provider.aws",
      "instances": [
        {
          "index_key": 0,
          "schema_version": 0,
          "attributes": {
            "access_logs": [
              {
                "bucket": "",
                "enabled": false,
                "prefix": ""
              }
            ],
            "arn": "arn:aws:elasticloadbalancing:us-west-2:069717985088:loadbalancer/app/cohns-prod-rpm-us-west-2-alb/063a17a04ce592be",
            "arn_suffix": "app/cohns-prod-rpm-us-west-2-alb/063a17a04ce592be",
            "dns_name": "cohns-prod-rpm-us-west-2-alb-1878941079.us-west-2.elb.amazonaws.com",
            "enable_cross_zone_load_balancing": null,
            "enable_deletion_protection": false,
            "enable_http2": true,
            "id": "arn:aws:elasticloadbalancing:us-west-2:069717985088:loadbalancer/app/cohns-prod-rpm-us-west-2-alb/063a17a04ce592be",
            "idle_timeout": 60,
            "internal": false,
            "ip_address_type": "ipv4",
            "load_balancer_type": "application",
            "name": "cohns-prod-rpm-us-west-2-alb",
            "name_prefix": null,
            "security_groups": [
              "sg-020eef68f3239a146",
              "sg-0511ba5be7fd6ed17",
              "sg-09635e2818cac7109",
              "sg-0b63b1888eee5ff6b"
            ],
            "subnet_mapping": [
              {
                "allocation_id": "",
                "subnet_id": "subnet-0220c0f4713de085d"
              },
              {
                "allocation_id": "",
                "subnet_id": "subnet-02c9dbba3586f171c"
              }
            ],
            "subnets": [
              "subnet-0220c0f4713de085d",
              "subnet-02c9dbba3586f171c"
            ],
            "tags": {
              "Application": "rpm",
              "Company": "cohns",
              "Environment": "prod",
              "Name": "cohns-prod-us-west-2-rpm-asg"
            },
            "timeouts": null,
            "vpc_id": "vpc-0d616a571dd74c1bc",
            "zone_id": "Z1H1FL5HABSF5"
          },
          "private": "eyJlMmJmYjczMC1lY2FhLTExZTYtOGY4OC0zNDM2M2JjN2M0YzAiOnsiY3JlYXRlIjo2MDAwMDAwMDAwMDAsImRlbGV0ZSI6NjAwMDAwMDAwMDAwLCJ1cGRhdGUiOjYwMDAwMDAwMDAwMH19",
          "dependencies": [
            "module.app-vpc.aws_security_group.allow_http",
            "module.app-vpc.aws_security_group.allow_https",
            "module.app-vpc.aws_security_group.allow_outbound",
            "module.app-vpc.aws_security_group.allow_ssh",
            "module.app-vpc.aws_vpc.app-vpc"
          ]
        }
      ]
    },
    {
      "module": "module.rpm-asg",
      "mode": "managed",
      "type": "aws_lb_listener",
      "name": "http",
      "each": "list",
      "provider": "provider.aws",
      "instances": [
        {
          "index_key": 0,
          "schema_version": 0,
          "attributes": {
            "arn": "arn:aws:elasticloadbalancing:us-west-2:069717985088:listener/app/cohns-prod-rpm-us-west-2-alb/063a17a04ce592be/b84820d578649015",
            "certificate_arn": null,
            "default_action": [
              {
                "authenticate_cognito": [],
                "authenticate_oidc": [],
                "fixed_response": [],
                "order": 1,
                "redirect": [],
                "target_group_arn": "arn:aws:elasticloadbalancing:us-west-2:069717985088:targetgroup/cohns-prod-rpm-us-west-2-tg/4c7107249899b8b7",
                "type": "forward"
              }
            ],
            "id": "arn:aws:elasticloadbalancing:us-west-2:069717985088:listener/app/cohns-prod-rpm-us-west-2-alb/063a17a04ce592be/b84820d578649015",
            "load_balancer_arn": "arn:aws:elasticloadbalancing:us-west-2:069717985088:loadbalancer/app/cohns-prod-rpm-us-west-2-alb/063a17a04ce592be",
            "port": 80,
            "protocol": "HTTP",
            "ssl_policy": "",
            "timeouts": null
          },
          "private": "eyJlMmJmYjczMC1lY2FhLTExZTYtOGY4OC0zNDM2M2JjN2M0YzAiOnsicmVhZCI6NjAwMDAwMDAwMDAwfX0=",
          "dependencies": [
            "module.app-vpc.aws_security_group.allow_http",
            "module.app-vpc.aws_security_group.allow_https",
            "module.app-vpc.aws_security_group.allow_outbound",
            "module.app-vpc.aws_security_group.allow_ssh",
            "module.app-vpc.aws_vpc.app-vpc",
            "module.rpm-asg.aws_lb.alb",
            "module.rpm-asg.aws_lb_target_group.alb_target_group"
          ]
        }
      ]
    },
    {
      "module": "module.rpm-asg",
      "mode": "managed",
      "type": "aws_lb_listener",
      "name": "https",
      "each": "list",
      "provider": "provider.aws",
      "instances": [
        {
          "index_key": 0,
          "schema_version": 0,
          "attributes": {
            "arn": "arn:aws:elasticloadbalancing:us-west-2:069717985088:listener/app/cohns-prod-rpm-us-west-2-alb/063a17a04ce592be/86d1a71d49173a06",
            "certificate_arn": "arn:aws:acm:us-west-2:069717985088:certificate/fa21c11d-b01d-4580-afde-9be644794fd4",
            "default_action": [
              {
                "authenticate_cognito": [],
                "authenticate_oidc": [],
                "fixed_response": [],
                "order": 1,
                "redirect": [],
                "target_group_arn": "arn:aws:elasticloadbalancing:us-west-2:069717985088:targetgroup/cohns-prod-rpm-us-west-2-tg/4c7107249899b8b7",
                "type": "forward"
              }
            ],
            "id": "arn:aws:elasticloadbalancing:us-west-2:069717985088:listener/app/cohns-prod-rpm-us-west-2-alb/063a17a04ce592be/86d1a71d49173a06",
            "load_balancer_arn": "arn:aws:elasticloadbalancing:us-west-2:069717985088:loadbalancer/app/cohns-prod-rpm-us-west-2-alb/063a17a04ce592be",
            "port": 443,
            "protocol": "HTTPS",
            "ssl_policy": "ELBSecurityPolicy-2016-08",
            "timeouts": null
          },
          "private": "eyJlMmJmYjczMC1lY2FhLTExZTYtOGY4OC0zNDM2M2JjN2M0YzAiOnsicmVhZCI6NjAwMDAwMDAwMDAwfX0=",
          "dependencies": [
            "module.app-vpc.aws_security_group.allow_http",
            "module.app-vpc.aws_security_group.allow_https",
            "module.app-vpc.aws_security_group.allow_outbound",
            "module.app-vpc.aws_security_group.allow_ssh",
            "module.app-vpc.aws_vpc.app-vpc",
            "module.rpm-asg.aws_lb.alb",
            "module.rpm-asg.aws_lb_target_group.alb_target_group"
          ]
        }
      ]
    },
    {
      "module": "module.rpm-asg",
      "mode": "managed",
      "type": "aws_lb_target_group",
      "name": "alb_target_group",
      "each": "list",
      "provider": "provider.aws",
      "instances": [
        {
          "index_key": 0,
          "schema_version": 0,
          "attributes": {
            "arn": "arn:aws:elasticloadbalancing:us-west-2:069717985088:targetgroup/cohns-prod-rpm-us-west-2-tg/4c7107249899b8b7",
            "arn_suffix": "targetgroup/cohns-prod-rpm-us-west-2-tg/4c7107249899b8b7",
            "deregistration_delay": 300,
            "health_check": [
              {
                "enabled": true,
                "healthy_threshold": 3,
                "interval": 10,
                "matcher": "200-299",
                "path": "/php/login.php",
                "port": "traffic-port",
                "protocol": "HTTP",
                "timeout": 2,
                "unhealthy_threshold": 3
              }
            ],
            "id": "arn:aws:elasticloadbalancing:us-west-2:069717985088:targetgroup/cohns-prod-rpm-us-west-2-tg/4c7107249899b8b7",
            "lambda_multi_value_headers_enabled": false,
            "name": "cohns-prod-rpm-us-west-2-tg",
            "name_prefix": null,
            "port": 80,
            "protocol": "HTTP",
            "proxy_protocol_v2": false,
            "slow_start": 0,
            "stickiness": [
              {
                "cookie_duration": 3600,
                "enabled": true,
                "type": "lb_cookie"
              }
            ],
            "tags": {},
            "target_type": "instance",
            "vpc_id": "vpc-0d616a571dd74c1bc"
          },
          "private": "bnVsbA==",
          "dependencies": [
            "module.app-vpc.aws_vpc.app-vpc"
          ]
        }
      ]
    },
    {
      "module": "module.rpm-asg",
      "mode": "managed",
      "type": "aws_route53_record",
      "name": "record",
      "each": "list",
      "provider": "provider.aws",
      "instances": [
        {
          "index_key": 0,
          "schema_version": 2,
          "attributes": {
            "alias": [],
            "allow_overwrite": null,
            "failover_routing_policy": [],
            "fqdn": "rpm.prod.cohns.net",
            "geolocation_routing_policy": [],
            "health_check_id": "",
            "id": "Z25DMIO2584N7Y_rpm.prod.cohns.net_CNAME",
            "latency_routing_policy": [],
            "multivalue_answer_routing_policy": null,
            "name": "rpm.prod.cohns.net",
            "records": [
              "cohns-prod-rpm-us-west-2-alb-1878941079.us-west-2.elb.amazonaws.com"
            ],
            "set_identifier": "",
            "ttl": 300,
            "type": "CNAME",
            "weighted_routing_policy": [],
            "zone_id": "Z25DMIO2584N7Y"
          },
          "private": "eyJzY2hlbWFfdmVyc2lvbiI6IjIifQ==",
          "dependencies": [
            "module.app-vpc.aws_security_group.allow_http",
            "module.app-vpc.aws_security_group.allow_https",
            "module.app-vpc.aws_security_group.allow_outbound",
            "module.app-vpc.aws_security_group.allow_ssh",
            "module.app-vpc.aws_vpc.app-vpc",
            "module.rpm-asg.aws_lb.alb"
          ]
        }
      ]
    },
    {
      "module": "module.app-vpc",
      "mode": "managed",
      "type": "aws_route_table",
      "name": "peer-route-table",
      "each": "list",
      "provider": "provider.aws",
      "instances": [
        {
          "index_key": 0,
          "schema_version": 0,
          "attributes": {
            "id": "rtb-0d87d85d33e5e53ea",
            "owner_id": "069717985088",
            "propagating_vgws": [],
            "route": [],
            "tags": {
              "Application": "rpm",
              "Environment": "prod",
              "Name": "cohns-prod-rpm-us-west-2-peer-rtb"
            },
            "vpc_id": "vpc-0d616a571dd74c1bc"
          },
          "private": "bnVsbA==",
          "dependencies": [
            "module.app-vpc.aws_vpc.app-vpc"
          ]
        }
      ]
    },
    {
      "module": "module.app-vpc",
      "mode": "managed",
      "type": "aws_route_table",
      "name": "r",
      "each": "list",
      "provider": "provider.aws",
      "instances": [
        {
          "index_key": 0,
          "schema_version": 0,
          "attributes": {
            "id": "rtb-052198bf095760117",
            "owner_id": "069717985088",
            "propagating_vgws": [],
            "route": [
              {
                "cidr_block": "0.0.0.0/0",
                "egress_only_gateway_id": "",
                "gateway_id": "igw-07f538a47915b8277",
                "instance_id": "",
                "ipv6_cidr_block": "",
                "nat_gateway_id": "",
                "network_interface_id": "",
                "transit_gateway_id": "",
                "vpc_peering_connection_id": ""
              }
            ],
            "tags": {
              "Company": "cohns",
              "Environment": "prod",
              "Name": "cohns-prod-rpm-us-west-2-rtb",
              "Terraform": "true"
            },
            "vpc_id": "vpc-0d616a571dd74c1bc"
          },
          "private": "bnVsbA==",
          "dependencies": [
            "module.app-vpc.aws_internet_gateway.default",
            "module.app-vpc.aws_vpc.app-vpc"
          ]
        }
      ]
    },
    {
      "module": "module.app-vpc",
      "mode": "managed",
      "type": "aws_route_table_association",
      "name": "a",
      "each": "list",
      "provider": "provider.aws",
      "instances": [
        {
          "index_key": 0,
          "schema_version": 0,
          "attributes": {
            "gateway_id": null,
            "id": "rtbassoc-067453d8159bd5434",
            "route_table_id": "rtb-052198bf095760117",
            "subnet_id": "subnet-0220c0f4713de085d"
          },
          "private": "bnVsbA==",
          "dependencies": [
            "module.app-vpc.aws_internet_gateway.default",
            "module.app-vpc.aws_route_table.r",
            "module.app-vpc.aws_subnet.public_subnet",
            "module.app-vpc.aws_vpc.app-vpc"
          ]
        },
        {
          "index_key": 1,
          "schema_version": 0,
          "attributes": {
            "gateway_id": null,
            "id": "rtbassoc-062e422e053921387",
            "route_table_id": "rtb-052198bf095760117",
            "subnet_id": "subnet-02c9dbba3586f171c"
          },
          "private": "bnVsbA==",
          "dependencies": [
            "module.app-vpc.aws_internet_gateway.default",
            "module.app-vpc.aws_route_table.r",
            "module.app-vpc.aws_subnet.public_subnet",
            "module.app-vpc.aws_vpc.app-vpc"
          ]
        }
      ]
    },
    {
      "module": "module.web-s3",
      "mode": "managed",
      "type": "aws_s3_bucket_policy",
      "name": "b",
      "provider": "provider.aws",
      "instances": [
        {
          "schema_version": 0,
          "attributes": {
            "bucket": "069717985088-cloudtrail",
            "id": "069717985088-cloudtrail",
            "policy": "{\"Version\":\"2012-10-17\",\"Statement\":[{\"Sid\":\"AWSCloudTrailAclCheck\",\"Effect\":\"Allow\",\"Principal\":{\"Service\":\"cloudtrail.amazonaws.com\"},\"Action\":\"s3:GetBucketAcl\",\"Resource\":\"arn:aws:s3:::069717985088-cloudtrail\"},{\"Sid\":\"AWSCloudTrailWrite\",\"Effect\":\"Allow\",\"Principal\":{\"Service\":\"cloudtrail.amazonaws.com\"},\"Action\":\"s3:PutObject\",\"Resource\":\"arn:aws:s3:::069717985088-cloudtrail/AWSLogs/069717985088/*\",\"Condition\":{\"StringEquals\":{\"s3:x-amz-acl\":\"bucket-owner-full-control\"}}}]}"
          },
          "private": "bnVsbA=="
        }
      ]
    },
    {
      "module": "module.app-vpc",
      "mode": "managed",
      "type": "aws_security_group",
      "name": "allow_flask",
      "each": "list",
      "provider": "provider.aws",
      "instances": [
        {
          "index_key": 0,
          "schema_version": 1,
          "attributes": {
            "arn": "arn:aws:ec2:us-west-2:069717985088:security-group/sg-0b60f954632340104",
            "description": "Allow flask inbound traffic for rpm",
            "egress": [],
            "id": "sg-0b60f954632340104",
            "ingress": [
              {
                "cidr_blocks": [
                  "0.0.0.0/0"
                ],
                "description": "",
                "from_port": 5000,
                "ipv6_cidr_blocks": [],
                "prefix_list_ids": [],
                "protocol": "tcp",
                "security_groups": [],
                "self": false,
                "to_port": 5000
              }
            ],
            "name": "rpm-allow-flask",
            "name_prefix": null,
            "owner_id": "069717985088",
            "revoke_rules_on_delete": false,
            "tags": {
              "Application": "rpm",
              "Environment": "prod",
              "Name": "cohns-prod-rpm-us-west-2-flask-sg"
            },
            "timeouts": null,
            "vpc_id": "vpc-0d616a571dd74c1bc"
          },
          "private": "eyJlMmJmYjczMC1lY2FhLTExZTYtOGY4OC0zNDM2M2JjN2M0YzAiOnsiY3JlYXRlIjo2MDAwMDAwMDAwMDAsImRlbGV0ZSI6NjAwMDAwMDAwMDAwfSwic2NoZW1hX3ZlcnNpb24iOiIxIn0=",
          "dependencies": [
            "module.app-vpc.aws_vpc.app-vpc"
          ]
        }
      ]
    },
    {
      "module": "module.app-vpc",
      "mode": "managed",
      "type": "aws_security_group",
      "name": "allow_http",
      "each": "list",
      "provider": "provider.aws",
      "instances": [
        {
          "index_key": 0,
          "schema_version": 1,
          "attributes": {
            "arn": "arn:aws:ec2:us-west-2:069717985088:security-group/sg-0b63b1888eee5ff6b",
            "description": "Allow http inbound traffic rpm",
            "egress": [],
            "id": "sg-0b63b1888eee5ff6b",
            "ingress": [
              {
                "cidr_blocks": [
                  "0.0.0.0/0"
                ],
                "description": "",
                "from_port": 80,
                "ipv6_cidr_blocks": [],
                "prefix_list_ids": [],
                "protocol": "tcp",
                "security_groups": [],
                "self": false,
                "to_port": 80
              }
            ],
            "name": "rpm-allow-http",
            "name_prefix": null,
            "owner_id": "069717985088",
            "revoke_rules_on_delete": false,
            "tags": {
              "Application": "rpm",
              "Environment": "prod",
              "Name": "cohns-prod-rpm-us-west-2-http-sg"
            },
            "timeouts": null,
            "vpc_id": "vpc-0d616a571dd74c1bc"
          },
          "private": "eyJlMmJmYjczMC1lY2FhLTExZTYtOGY4OC0zNDM2M2JjN2M0YzAiOnsiY3JlYXRlIjo2MDAwMDAwMDAwMDAsImRlbGV0ZSI6NjAwMDAwMDAwMDAwfSwic2NoZW1hX3ZlcnNpb24iOiIxIn0=",
          "dependencies": [
            "module.app-vpc.aws_vpc.app-vpc"
          ]
        }
      ]
    },
    {
      "module": "module.app-vpc",
      "mode": "managed",
      "type": "aws_security_group",
      "name": "allow_https",
      "each": "list",
      "provider": "provider.aws",
      "instances": [
        {
          "index_key": 0,
          "schema_version": 1,
          "attributes": {
            "arn": "arn:aws:ec2:us-west-2:069717985088:security-group/sg-020eef68f3239a146",
            "description": "Allow https inbound traffic rpm",
            "egress": [],
            "id": "sg-020eef68f3239a146",
            "ingress": [
              {
                "cidr_blocks": [
                  "0.0.0.0/0"
                ],
                "description": "",
                "from_port": 443,
                "ipv6_cidr_blocks": [],
                "prefix_list_ids": [],
                "protocol": "tcp",
                "security_groups": [],
                "self": false,
                "to_port": 443
              }
            ],
            "name": "rpm-allow-https",
            "name_prefix": null,
            "owner_id": "069717985088",
            "revoke_rules_on_delete": false,
            "tags": {
              "Application": "rpm",
              "Environment": "prod",
              "Name": "cohns-prod-rpm-us-west-2-https-sg"
            },
            "timeouts": null,
            "vpc_id": "vpc-0d616a571dd74c1bc"
          },
          "private": "eyJlMmJmYjczMC1lY2FhLTExZTYtOGY4OC0zNDM2M2JjN2M0YzAiOnsiY3JlYXRlIjo2MDAwMDAwMDAwMDAsImRlbGV0ZSI6NjAwMDAwMDAwMDAwfSwic2NoZW1hX3ZlcnNpb24iOiIxIn0=",
          "dependencies": [
            "module.app-vpc.aws_vpc.app-vpc"
          ]
        }
      ]
    },
    {
      "module": "module.app-vpc",
      "mode": "managed",
      "type": "aws_security_group",
      "name": "allow_mysql",
      "each": "list",
      "provider": "provider.aws",
      "instances": [
        {
          "index_key": 0,
          "schema_version": 1,
          "attributes": {
            "arn": "arn:aws:ec2:us-west-2:069717985088:security-group/sg-0ff873c96fa61d5ea",
            "description": "Allow mysql inbound traffic rpm",
            "egress": [],
            "id": "sg-0ff873c96fa61d5ea",
            "ingress": [
              {
                "cidr_blocks": [
                  "10.0.0.0/8"
                ],
                "description": "",
                "from_port": 3306,
                "ipv6_cidr_blocks": [],
                "prefix_list_ids": [],
                "protocol": "tcp",
                "security_groups": [],
                "self": false,
                "to_port": 3306
              }
            ],
            "name": "rpm-allow-mysql",
            "name_prefix": null,
            "owner_id": "069717985088",
            "revoke_rules_on_delete": false,
            "tags": {
              "Application": "rpm",
              "Environment": "prod",
              "Name": "cohns-prod-rpm-us-west-2-mysql-sg"
            },
            "timeouts": null,
            "vpc_id": "vpc-0d616a571dd74c1bc"
          },
          "private": "eyJlMmJmYjczMC1lY2FhLTExZTYtOGY4OC0zNDM2M2JjN2M0YzAiOnsiY3JlYXRlIjo2MDAwMDAwMDAwMDAsImRlbGV0ZSI6NjAwMDAwMDAwMDAwfSwic2NoZW1hX3ZlcnNpb24iOiIxIn0=",
          "dependencies": [
            "module.app-vpc.aws_vpc.app-vpc"
          ]
        }
      ]
    },
    {
      "module": "module.app-vpc",
      "mode": "managed",
      "type": "aws_security_group",
      "name": "allow_nfs",
      "each": "list",
      "provider": "provider.aws",
      "instances": [
        {
          "index_key": 0,
          "schema_version": 1,
          "attributes": {
            "arn": "arn:aws:ec2:us-west-2:069717985088:security-group/sg-0059a64395a74684f",
            "description": "Allow nfs inbound traffic for rpm",
            "egress": [],
            "id": "sg-0059a64395a74684f",
            "ingress": [
              {
                "cidr_blocks": [
                  "10.0.0.0/8"
                ],
                "description": "",
                "from_port": 2049,
                "ipv6_cidr_blocks": [],
                "prefix_list_ids": [],
                "protocol": "tcp",
                "security_groups": [],
                "self": false,
                "to_port": 2049
              }
            ],
            "name": "rpm-allow-nfs",
            "name_prefix": null,
            "owner_id": "069717985088",
            "revoke_rules_on_delete": false,
            "tags": {
              "Application": "rpm",
              "Environment": "prod",
              "Name": "cohns-prod-rpm-us-west-2-nfs-sg"
            },
            "timeouts": null,
            "vpc_id": "vpc-0d616a571dd74c1bc"
          },
          "private": "eyJlMmJmYjczMC1lY2FhLTExZTYtOGY4OC0zNDM2M2JjN2M0YzAiOnsiY3JlYXRlIjo2MDAwMDAwMDAwMDAsImRlbGV0ZSI6NjAwMDAwMDAwMDAwfSwic2NoZW1hX3ZlcnNpb24iOiIxIn0=",
          "dependencies": [
            "module.app-vpc.aws_vpc.app-vpc"
          ]
        }
      ]
    },
    {
      "module": "module.app-vpc",
      "mode": "managed",
      "type": "aws_security_group",
      "name": "allow_outbound",
      "each": "list",
      "provider": "provider.aws",
      "instances": [
        {
          "index_key": 0,
          "schema_version": 1,
          "attributes": {
            "arn": "arn:aws:ec2:us-west-2:069717985088:security-group/sg-0511ba5be7fd6ed17",
            "description": "Allow outbound traffic for rpm",
            "egress": [
              {
                "cidr_blocks": [
                  "0.0.0.0/0"
                ],
                "description": "",
                "from_port": 0,
                "ipv6_cidr_blocks": [],
                "prefix_list_ids": [],
                "protocol": "-1",
                "security_groups": [],
                "self": false,
                "to_port": 0
              }
            ],
            "id": "sg-0511ba5be7fd6ed17",
            "ingress": [],
            "name": "rpm-allow-outbound",
            "name_prefix": null,
            "owner_id": "069717985088",
            "revoke_rules_on_delete": false,
            "tags": {
              "Application": "rpm",
              "Environment": "prod",
              "Name": "cohns-prod-rpm-us-west-2-outbound-sg"
            },
            "timeouts": null,
            "vpc_id": "vpc-0d616a571dd74c1bc"
          },
          "private": "eyJlMmJmYjczMC1lY2FhLTExZTYtOGY4OC0zNDM2M2JjN2M0YzAiOnsiY3JlYXRlIjo2MDAwMDAwMDAwMDAsImRlbGV0ZSI6NjAwMDAwMDAwMDAwfSwic2NoZW1hX3ZlcnNpb24iOiIxIn0=",
          "dependencies": [
            "module.app-vpc.aws_vpc.app-vpc"
          ]
        }
      ]
    },
    {
      "module": "module.app-vpc",
      "mode": "managed",
      "type": "aws_security_group",
      "name": "allow_ssh",
      "each": "list",
      "provider": "provider.aws",
      "instances": [
        {
          "index_key": 0,
          "schema_version": 1,
          "attributes": {
            "arn": "arn:aws:ec2:us-west-2:069717985088:security-group/sg-09635e2818cac7109",
            "description": "Allow SSH inbound traffic for rpm",
            "egress": [],
            "id": "sg-09635e2818cac7109",
            "ingress": [
              {
                "cidr_blocks": [
                  "0.0.0.0/0"
                ],
                "description": "",
                "from_port": 22,
                "ipv6_cidr_blocks": [],
                "prefix_list_ids": [],
                "protocol": "tcp",
                "security_groups": [],
                "self": false,
                "to_port": 22
              }
            ],
            "name": "rpm-allow-ssh",
            "name_prefix": null,
            "owner_id": "069717985088",
            "revoke_rules_on_delete": false,
            "tags": {
              "Application": "rpm",
              "Environment": "prod",
              "Name": "cohns-prod-rpm-us-west-2-ssh-sg"
            },
            "timeouts": null,
            "vpc_id": "vpc-0d616a571dd74c1bc"
          },
          "private": "eyJlMmJmYjczMC1lY2FhLTExZTYtOGY4OC0zNDM2M2JjN2M0YzAiOnsiY3JlYXRlIjo2MDAwMDAwMDAwMDAsImRlbGV0ZSI6NjAwMDAwMDAwMDAwfSwic2NoZW1hX3ZlcnNpb24iOiIxIn0=",
          "dependencies": [
            "module.app-vpc.aws_vpc.app-vpc"
          ]
        }
      ]
    },
    {
      "module": "module.app-vpc",
      "mode": "managed",
      "type": "aws_subnet",
      "name": "private_subnet",
      "each": "list",
      "provider": "provider.aws",
      "instances": [
        {
          "index_key": 0,
          "schema_version": 1,
          "attributes": {
            "arn": "arn:aws:ec2:us-west-2:069717985088:subnet/subnet-03af697c9be1f46e2",
            "assign_ipv6_address_on_creation": false,
            "availability_zone": "us-west-2a",
            "availability_zone_id": "usw2-az2",
            "cidr_block": "10.96.0.0/21",
            "id": "subnet-03af697c9be1f46e2",
            "ipv6_cidr_block": "",
            "ipv6_cidr_block_association_id": "",
            "map_public_ip_on_launch": false,
            "owner_id": "069717985088",
            "tags": {
              "Application": "rpm",
              "Environment": "prod",
              "Name": "cohns-prod-rpm-us-west-2a-prv",
              "SubnetType": "Private"
            },
            "timeouts": null,
            "vpc_id": "vpc-0d616a571dd74c1bc"
          },
          "private": "eyJlMmJmYjczMC1lY2FhLTExZTYtOGY4OC0zNDM2M2JjN2M0YzAiOnsiY3JlYXRlIjo2MDAwMDAwMDAwMDAsImRlbGV0ZSI6MTIwMDAwMDAwMDAwMH0sInNjaGVtYV92ZXJzaW9uIjoiMSJ9",
          "dependencies": [
            "module.app-vpc.aws_vpc.app-vpc"
          ]
        },
        {
          "index_key": 1,
          "schema_version": 1,
          "attributes": {
            "arn": "arn:aws:ec2:us-west-2:069717985088:subnet/subnet-0c4b47dd6580841a8",
            "assign_ipv6_address_on_creation": false,
            "availability_zone": "us-west-2b",
            "availability_zone_id": "usw2-az1",
            "cidr_block": "10.96.8.0/21",
            "id": "subnet-0c4b47dd6580841a8",
            "ipv6_cidr_block": "",
            "ipv6_cidr_block_association_id": "",
            "map_public_ip_on_launch": false,
            "owner_id": "069717985088",
            "tags": {
              "Application": "rpm",
              "Environment": "prod",
              "Name": "cohns-prod-rpm-us-west-2b-prv",
              "SubnetType": "Private"
            },
            "timeouts": null,
            "vpc_id": "vpc-0d616a571dd74c1bc"
          },
          "private": "eyJlMmJmYjczMC1lY2FhLTExZTYtOGY4OC0zNDM2M2JjN2M0YzAiOnsiY3JlYXRlIjo2MDAwMDAwMDAwMDAsImRlbGV0ZSI6MTIwMDAwMDAwMDAwMH0sInNjaGVtYV92ZXJzaW9uIjoiMSJ9",
          "dependencies": [
            "module.app-vpc.aws_vpc.app-vpc"
          ]
        }
      ]
    },
    {
      "module": "module.app-vpc",
      "mode": "managed",
      "type": "aws_subnet",
      "name": "public_subnet",
      "each": "list",
      "provider": "provider.aws",
      "instances": [
        {
          "index_key": 0,
          "schema_version": 1,
          "attributes": {
            "arn": "arn:aws:ec2:us-west-2:069717985088:subnet/subnet-0220c0f4713de085d",
            "assign_ipv6_address_on_creation": false,
            "availability_zone": "us-west-2a",
            "availability_zone_id": "usw2-az2",
            "cidr_block": "10.96.16.0/21",
            "id": "subnet-0220c0f4713de085d",
            "ipv6_cidr_block": "",
            "ipv6_cidr_block_association_id": "",
            "map_public_ip_on_launch": true,
            "owner_id": "069717985088",
            "tags": {
              "Application": "rpm",
              "Environment": "prod",
              "Name": "cohns-prod-rpm-us-west-2a-pub",
              "SubnetType": "Public"
            },
            "timeouts": null,
            "vpc_id": "vpc-0d616a571dd74c1bc"
          },
          "private": "eyJlMmJmYjczMC1lY2FhLTExZTYtOGY4OC0zNDM2M2JjN2M0YzAiOnsiY3JlYXRlIjo2MDAwMDAwMDAwMDAsImRlbGV0ZSI6MTIwMDAwMDAwMDAwMH0sInNjaGVtYV92ZXJzaW9uIjoiMSJ9",
          "dependencies": [
            "module.app-vpc.aws_vpc.app-vpc"
          ]
        },
        {
          "index_key": 1,
          "schema_version": 1,
          "attributes": {
            "arn": "arn:aws:ec2:us-west-2:069717985088:subnet/subnet-02c9dbba3586f171c",
            "assign_ipv6_address_on_creation": false,
            "availability_zone": "us-west-2b",
            "availability_zone_id": "usw2-az1",
            "cidr_block": "10.96.24.0/21",
            "id": "subnet-02c9dbba3586f171c",
            "ipv6_cidr_block": "",
            "ipv6_cidr_block_association_id": "",
            "map_public_ip_on_launch": true,
            "owner_id": "069717985088",
            "tags": {
              "Application": "rpm",
              "Environment": "prod",
              "Name": "cohns-prod-rpm-us-west-2b-pub",
              "SubnetType": "Public"
            },
            "timeouts": null,
            "vpc_id": "vpc-0d616a571dd74c1bc"
          },
          "private": "eyJlMmJmYjczMC1lY2FhLTExZTYtOGY4OC0zNDM2M2JjN2M0YzAiOnsiY3JlYXRlIjo2MDAwMDAwMDAwMDAsImRlbGV0ZSI6MTIwMDAwMDAwMDAwMH0sInNjaGVtYV92ZXJzaW9uIjoiMSJ9",
          "dependencies": [
            "module.app-vpc.aws_vpc.app-vpc"
          ]
        }
      ]
    },
    {
      "module": "module.app-vpc",
      "mode": "managed",
      "type": "aws_vpc",
      "name": "app-vpc",
      "each": "list",
      "provider": "provider.aws",
      "instances": [
        {
          "index_key": 0,
          "schema_version": 1,
          "attributes": {
            "arn": "arn:aws:ec2:us-west-2:069717985088:vpc/vpc-0d616a571dd74c1bc",
            "assign_generated_ipv6_cidr_block": false,
            "cidr_block": "10.96.0.0/16",
            "default_network_acl_id": "acl-0578ee572cc14399f",
            "default_route_table_id": "rtb-0b9914024594d908d",
            "default_security_group_id": "sg-021500a1d60305e87",
            "dhcp_options_id": "dopt-b7e7e5ce",
            "enable_classiclink": false,
            "enable_classiclink_dns_support": false,
            "enable_dns_hostnames": true,
            "enable_dns_support": true,
            "id": "vpc-0d616a571dd74c1bc",
            "instance_tenancy": "default",
            "ipv6_association_id": "",
            "ipv6_cidr_block": "",
            "main_route_table_id": "rtb-0b9914024594d908d",
            "owner_id": "069717985088",
            "tags": {
              "Environment": "prod",
              "Name": "cohns-prod-rpm-us-west-2-vpc",
              "Service": "rpm"
            }
          },
          "private": "eyJzY2hlbWFfdmVyc2lvbiI6IjEifQ=="
        }
      ]
    },
    {
      "module": "module.app-vpc",
      "mode": "managed",
      "type": "aws_vpc_peering_connection",
      "name": "peer",
      "each": "list",
      "provider": "provider.aws",
      "instances": []
    }
  ]
}
